// !$*UTF8*$!
{
	archiveVersion = 1;
	classes = {
	};
	objectVersion = 46;
	objects = {

/* Begin PBXBuildFile section */
		B5B2350D1592CD660046F3B5 /* AudioQueueObject.h in Headers */ = {isa = PBXBuildFile; fileRef = B5B234F11592CD660046F3B5 /* AudioQueueObject.h */; };
		B5B2350E1592CD660046F3B5 /* AudioQueueObject.m in Sources */ = {isa = PBXBuildFile; fileRef = B5B234F21592CD660046F3B5 /* AudioQueueObject.m */; };
		B5B2350F1592CD660046F3B5 /* AudioSignalAnalyzer.h in Headers */ = {isa = PBXBuildFile; fileRef = B5B234F31592CD660046F3B5 /* AudioSignalAnalyzer.h */; };
		B5B235101592CD660046F3B5 /* AudioSignalAnalyzer.m in Sources */ = {isa = PBXBuildFile; fileRef = B5B234F41592CD660046F3B5 /* AudioSignalAnalyzer.m */; };
		B5B235111592CD660046F3B5 /* AudioSignalGenerator.h in Headers */ = {isa = PBXBuildFile; fileRef = B5B234F51592CD660046F3B5 /* AudioSignalGenerator.h */; };
		B5B235121592CD660046F3B5 /* AudioSignalGenerator.m in Sources */ = {isa = PBXBuildFile; fileRef = B5B234F61592CD660046F3B5 /* AudioSignalGenerator.m */; };
		B5B235131592CD660046F3B5 /* CharReceiver.h in Headers */ = {isa = PBXBuildFile; fileRef = B5B234F71592CD660046F3B5 /* CharReceiver.h */; };
		B5B235141592CD660046F3B5 /* crc.c in Sources */ = {isa = PBXBuildFile; fileRef = B5B234F81592CD660046F3B5 /* crc.c */; };
		B5B235151592CD660046F3B5 /* crc.h in Headers */ = {isa = PBXBuildFile; fileRef = B5B234F91592CD660046F3B5 /* crc.h */; };
		B5B235161592CD660046F3B5 /* etl_typedefs.c in Sources */ = {isa = PBXBuildFile; fileRef = B5B234FA1592CD660046F3B5 /* etl_typedefs.c */; };
		B5B235171592CD660046F3B5 /* etl_typedefs.h in Headers */ = {isa = PBXBuildFile; fileRef = B5B234FB1592CD660046F3B5 /* etl_typedefs.h */; };
		B5B235181592CD660046F3B5 /* ETLDeviceInterface.h in Headers */ = {isa = PBXBuildFile; fileRef = B5B234FC1592CD660046F3B5 /* ETLDeviceInterface.h */; };
		B5B235191592CD660046F3B5 /* ETLDeviceInterface.m in Sources */ = {isa = PBXBuildFile; fileRef = B5B234FD1592CD660046F3B5 /* ETLDeviceInterface.m */; };
		B5B2351A1592CD660046F3B5 /* FSKRecognizer.h in Headers */ = {isa = PBXBuildFile; fileRef = B5B234FE1592CD660046F3B5 /* FSKRecognizer.h */; };
		B5B2351B1592CD660046F3B5 /* FSKRecognizer.mm in Sources */ = {isa = PBXBuildFile; fileRef = B5B234FF1592CD660046F3B5 /* FSKRecognizer.mm */; };
		B5B2351C1592CD660046F3B5 /* FSKSerialGenerator.h in Headers */ = {isa = PBXBuildFile; fileRef = B5B235001592CD660046F3B5 /* FSKSerialGenerator.h */; };
		B5B2351D1592CD660046F3B5 /* FSKSerialGenerator.m in Sources */ = {isa = PBXBuildFile; fileRef = B5B235011592CD660046F3B5 /* FSKSerialGenerator.m */; };
		B5B2351E1592CD660046F3B5 /* FSKTerminalAppDelegate.h in Headers */ = {isa = PBXBuildFile; fileRef = B5B235021592CD660046F3B5 /* FSKTerminalAppDelegate.h */; };
		B5B2351F1592CD660046F3B5 /* lockfree.h in Headers */ = {isa = PBXBuildFile; fileRef = B5B235031592CD660046F3B5 /* lockfree.h */; };
		B5B235201592CD660046F3B5 /* MultiDelegate.h in Headers */ = {isa = PBXBuildFile; fileRef = B5B235041592CD660046F3B5 /* MultiDelegate.h */; };
		B5B235211592CD660046F3B5 /* MultiDelegate.m in Sources */ = {isa = PBXBuildFile; fileRef = B5B235051592CD660046F3B5 /* MultiDelegate.m */; };
		B5B235221592CD660046F3B5 /* PatternRecognizer.h in Headers */ = {isa = PBXBuildFile; fileRef = B5B235061592CD660046F3B5 /* PatternRecognizer.h */; };
		B5B235231592CD660046F3B5 /* ScanCodeConverter.h in Headers */ = {isa = PBXBuildFile; fileRef = B5B235071592CD660046F3B5 /* ScanCodeConverter.h */; };
		B5B235241592CD660046F3B5 /* ScanCodeConverter.m in Sources */ = {isa = PBXBuildFile; fileRef = B5B235081592CD660046F3B5 /* ScanCodeConverter.m */; };
		B5B235251592CD660046F3B5 /* TablePickerController.h in Headers */ = {isa = PBXBuildFile; fileRef = B5B235091592CD660046F3B5 /* TablePickerController.h */; };
		B5B235261592CD660046F3B5 /* TablePickerController.m in Sources */ = {isa = PBXBuildFile; fileRef = B5B2350A1592CD660046F3B5 /* TablePickerController.m */; };
		B5B235271592CD660046F3B5 /* TypePadController.h in Headers */ = {isa = PBXBuildFile; fileRef = B5B2350B1592CD660046F3B5 /* TypePadController.h */; };
		B5B235281592CD660046F3B5 /* TypePadController.m in Sources */ = {isa = PBXBuildFile; fileRef = B5B2350C1592CD660046F3B5 /* TypePadController.m */; };
		B5C44729159285AF009F1A98 /* Foundation.framework in Frameworks */ = {isa = PBXBuildFile; fileRef = B5C44728159285AF009F1A98 /* Foundation.framework */; };
/* End PBXBuildFile section */

/* Begin PBXFileReference section */
		B5B234F11592CD660046F3B5 /* AudioQueueObject.h */ = {isa = PBXFileReference; fileEncoding = 4; lastKnownFileType = sourcecode.c.h; path = AudioQueueObject.h; sourceTree = "<group>"; };
		B5B234F21592CD660046F3B5 /* AudioQueueObject.m */ = {isa = PBXFileReference; fileEncoding = 4; lastKnownFileType = sourcecode.c.objc; path = AudioQueueObject.m; sourceTree = "<group>"; };
		B5B234F31592CD660046F3B5 /* AudioSignalAnalyzer.h */ = {isa = PBXFileReference; fileEncoding = 4; lastKnownFileType = sourcecode.c.h; path = AudioSignalAnalyzer.h; sourceTree = "<group>"; };
		B5B234F41592CD660046F3B5 /* AudioSignalAnalyzer.m */ = {isa = PBXFileReference; fileEncoding = 4; lastKnownFileType = sourcecode.c.objc; path = AudioSignalAnalyzer.m; sourceTree = "<group>"; };
		B5B234F51592CD660046F3B5 /* AudioSignalGenerator.h */ = {isa = PBXFileReference; fileEncoding = 4; lastKnownFileType = sourcecode.c.h; path = AudioSignalGenerator.h; sourceTree = "<group>"; };
		B5B234F61592CD660046F3B5 /* AudioSignalGenerator.m */ = {isa = PBXFileReference; fileEncoding = 4; lastKnownFileType = sourcecode.c.objc; path = AudioSignalGenerator.m; sourceTree = "<group>"; };
		B5B234F71592CD660046F3B5 /* CharReceiver.h */ = {isa = PBXFileReference; fileEncoding = 4; lastKnownFileType = sourcecode.c.h; path = CharReceiver.h; sourceTree = "<group>"; };
		B5B234F81592CD660046F3B5 /* crc.c */ = {isa = PBXFileReference; fileEncoding = 4; lastKnownFileType = sourcecode.c.c; path = crc.c; sourceTree = "<group>"; };
		B5B234F91592CD660046F3B5 /* crc.h */ = {isa = PBXFileReference; fileEncoding = 4; lastKnownFileType = sourcecode.c.h; path = crc.h; sourceTree = "<group>"; };
		B5B234FA1592CD660046F3B5 /* etl_typedefs.c */ = {isa = PBXFileReference; fileEncoding = 4; lastKnownFileType = sourcecode.c.c; path = etl_typedefs.c; sourceTree = "<group>"; };
		B5B234FB1592CD660046F3B5 /* etl_typedefs.h */ = {isa = PBXFileReference; fileEncoding = 4; lastKnownFileType = sourcecode.c.h; path = etl_typedefs.h; sourceTree = "<group>"; };
		B5B234FC1592CD660046F3B5 /* ETLDeviceInterface.h */ = {isa = PBXFileReference; fileEncoding = 4; lastKnownFileType = sourcecode.c.h; path = ETLDeviceInterface.h; sourceTree = "<group>"; };
		B5B234FD1592CD660046F3B5 /* ETLDeviceInterface.m */ = {isa = PBXFileReference; fileEncoding = 4; lastKnownFileType = sourcecode.c.objc; path = ETLDeviceInterface.m; sourceTree = "<group>"; };
		B5B234FE1592CD660046F3B5 /* FSKRecognizer.h */ = {isa = PBXFileReference; fileEncoding = 4; lastKnownFileType = sourcecode.c.h; path = FSKRecognizer.h; sourceTree = "<group>"; };
		B5B234FF1592CD660046F3B5 /* FSKRecognizer.mm */ = {isa = PBXFileReference; fileEncoding = 4; lastKnownFileType = sourcecode.cpp.objcpp; path = FSKRecognizer.mm; sourceTree = "<group>"; };
		B5B235001592CD660046F3B5 /* FSKSerialGenerator.h */ = {isa = PBXFileReference; fileEncoding = 4; lastKnownFileType = sourcecode.c.h; path = FSKSerialGenerator.h; sourceTree = "<group>"; };
		B5B235011592CD660046F3B5 /* FSKSerialGenerator.m */ = {isa = PBXFileReference; fileEncoding = 4; lastKnownFileType = sourcecode.c.objc; path = FSKSerialGenerator.m; sourceTree = "<group>"; };
		B5B235021592CD660046F3B5 /* FSKTerminalAppDelegate.h */ = {isa = PBXFileReference; fileEncoding = 4; lastKnownFileType = sourcecode.c.h; path = FSKTerminalAppDelegate.h; sourceTree = "<group>"; };
		B5B235031592CD660046F3B5 /* lockfree.h */ = {isa = PBXFileReference; fileEncoding = 4; lastKnownFileType = sourcecode.c.h; path = lockfree.h; sourceTree = "<group>"; };
		B5B235041592CD660046F3B5 /* MultiDelegate.h */ = {isa = PBXFileReference; fileEncoding = 4; lastKnownFileType = sourcecode.c.h; path = MultiDelegate.h; sourceTree = "<group>"; };
		B5B235051592CD660046F3B5 /* MultiDelegate.m */ = {isa = PBXFileReference; fileEncoding = 4; lastKnownFileType = sourcecode.c.objc; path = MultiDelegate.m; sourceTree = "<group>"; };
		B5B235061592CD660046F3B5 /* PatternRecognizer.h */ = {isa = PBXFileReference; fileEncoding = 4; lastKnownFileType = sourcecode.c.h; path = PatternRecognizer.h; sourceTree = "<group>"; };
		B5B235071592CD660046F3B5 /* ScanCodeConverter.h */ = {isa = PBXFileReference; fileEncoding = 4; lastKnownFileType = sourcecode.c.h; path = ScanCodeConverter.h; sourceTree = "<group>"; };
		B5B235081592CD660046F3B5 /* ScanCodeConverter.m */ = {isa = PBXFileReference; fileEncoding = 4; lastKnownFileType = sourcecode.c.objc; path = ScanCodeConverter.m; sourceTree = "<group>"; };
		B5B235091592CD660046F3B5 /* TablePickerController.h */ = {isa = PBXFileReference; fileEncoding = 4; lastKnownFileType = sourcecode.c.h; path = TablePickerController.h; sourceTree = "<group>"; };
		B5B2350A1592CD660046F3B5 /* TablePickerController.m */ = {isa = PBXFileReference; fileEncoding = 4; lastKnownFileType = sourcecode.c.objc; path = TablePickerController.m; sourceTree = "<group>"; };
		B5B2350B1592CD660046F3B5 /* TypePadController.h */ = {isa = PBXFileReference; fileEncoding = 4; lastKnownFileType = sourcecode.c.h; path = TypePadController.h; sourceTree = "<group>"; };
		B5B2350C1592CD660046F3B5 /* TypePadController.m */ = {isa = PBXFileReference; fileEncoding = 4; lastKnownFileType = sourcecode.c.objc; path = TypePadController.m; sourceTree = "<group>"; };
		B5C44725159285AF009F1A98 /* libcommunications.a */ = {isa = PBXFileReference; explicitFileType = archive.ar; includeInIndex = 0; path = libcommunications.a; sourceTree = BUILT_PRODUCTS_DIR; };
		B5C44728159285AF009F1A98 /* Foundation.framework */ = {isa = PBXFileReference; lastKnownFileType = wrapper.framework; name = Foundation.framework; path = System/Library/Frameworks/Foundation.framework; sourceTree = SDKROOT; };
		B5C4472C159285AF009F1A98 /* communications-Prefix.pch */ = {isa = PBXFileReference; lastKnownFileType = sourcecode.c.h; path = "communications-Prefix.pch"; sourceTree = "<group>"; };
/* End PBXFileReference section */

/* Begin PBXFrameworksBuildPhase section */
		B5C44722159285AF009F1A98 /* Frameworks */ = {
			isa = PBXFrameworksBuildPhase;
			buildActionMask = 2147483647;
			files = (
				B5C44729159285AF009F1A98 /* Foundation.framework in Frameworks */,
			);
			runOnlyForDeploymentPostprocessing = 0;
		};
/* End PBXFrameworksBuildPhase section */

/* Begin PBXGroup section */
		B5C4471A159285AF009F1A98 = {
			isa = PBXGroup;
			children = (
				B5C4472A159285AF009F1A98 /* communications */,
				B5C44727159285AF009F1A98 /* Frameworks */,
				B5C44726159285AF009F1A98 /* Products */,
			);
			sourceTree = "<group>";
		};
		B5C44726159285AF009F1A98 /* Products */ = {
			isa = PBXGroup;
			children = (
				B5C44725159285AF009F1A98 /* libcommunications.a */,
			);
			name = Products;
			sourceTree = "<group>";
		};
		B5C44727159285AF009F1A98 /* Frameworks */ = {
			isa = PBXGroup;
			children = (
				B5C44728159285AF009F1A98 /* Foundation.framework */,
			);
			name = Frameworks;
			sourceTree = "<group>";
		};
		B5C4472A159285AF009F1A98 /* communications */ = {
			isa = PBXGroup;
			children = (
				B5B234F11592CD660046F3B5 /* AudioQueueObject.h */,
				B5B234F21592CD660046F3B5 /* AudioQueueObject.m */,
				B5B234F31592CD660046F3B5 /* AudioSignalAnalyzer.h */,
				B5B234F41592CD660046F3B5 /* AudioSignalAnalyzer.m */,
				B5B234F51592CD660046F3B5 /* AudioSignalGenerator.h */,
				B5B234F61592CD660046F3B5 /* AudioSignalGenerator.m */,
				B5B234F71592CD660046F3B5 /* CharReceiver.h */,
				B5B234F81592CD660046F3B5 /* crc.c */,
				B5B234F91592CD660046F3B5 /* crc.h */,
				B5B234FA1592CD660046F3B5 /* etl_typedefs.c */,
				B5B234FB1592CD660046F3B5 /* etl_typedefs.h */,
				B5B234FC1592CD660046F3B5 /* ETLDeviceInterface.h */,
				B5B234FD1592CD660046F3B5 /* ETLDeviceInterface.m */,
				B5B234FE1592CD660046F3B5 /* FSKRecognizer.h */,
				B5B234FF1592CD660046F3B5 /* FSKRecognizer.mm */,
				B5B235001592CD660046F3B5 /* FSKSerialGenerator.h */,
				B5B235011592CD660046F3B5 /* FSKSerialGenerator.m */,
				B5B235021592CD660046F3B5 /* FSKTerminalAppDelegate.h */,
				B5B235031592CD660046F3B5 /* lockfree.h */,
				B5B235041592CD660046F3B5 /* MultiDelegate.h */,
				B5B235051592CD660046F3B5 /* MultiDelegate.m */,
				B5B235061592CD660046F3B5 /* PatternRecognizer.h */,
				B5B235071592CD660046F3B5 /* ScanCodeConverter.h */,
				B5B235081592CD660046F3B5 /* ScanCodeConverter.m */,
				B5B235091592CD660046F3B5 /* TablePickerController.h */,
				B5B2350A1592CD660046F3B5 /* TablePickerController.m */,
				B5B2350B1592CD660046F3B5 /* TypePadController.h */,
				B5B2350C1592CD660046F3B5 /* TypePadController.m */,
				B5C4472B159285AF009F1A98 /* Supporting Files */,
			);
			path = communications;
			sourceTree = "<group>";
		};
		B5C4472B159285AF009F1A98 /* Supporting Files */ = {
			isa = PBXGroup;
			children = (
				B5C4472C159285AF009F1A98 /* communications-Prefix.pch */,
			);
			name = "Supporting Files";
			sourceTree = "<group>";
		};
/* End PBXGroup section */

/* Begin PBXHeadersBuildPhase section */
		B5C44723159285AF009F1A98 /* Headers */ = {
			isa = PBXHeadersBuildPhase;
			buildActionMask = 2147483647;
			files = (
				B5B2350D1592CD660046F3B5 /* AudioQueueObject.h in Headers */,
				B5B2350F1592CD660046F3B5 /* AudioSignalAnalyzer.h in Headers */,
				B5B235111592CD660046F3B5 /* AudioSignalGenerator.h in Headers */,
				B5B235131592CD660046F3B5 /* CharReceiver.h in Headers */,
				B5B235151592CD660046F3B5 /* crc.h in Headers */,
				B5B235171592CD660046F3B5 /* etl_typedefs.h in Headers */,
				B5B235181592CD660046F3B5 /* ETLDeviceInterface.h in Headers */,
				B5B2351A1592CD660046F3B5 /* FSKRecognizer.h in Headers */,
				B5B2351C1592CD660046F3B5 /* FSKSerialGenerator.h in Headers */,
				B5B2351E1592CD660046F3B5 /* FSKTerminalAppDelegate.h in Headers */,
				B5B2351F1592CD660046F3B5 /* lockfree.h in Headers */,
				B5B235201592CD660046F3B5 /* MultiDelegate.h in Headers */,
				B5B235221592CD660046F3B5 /* PatternRecognizer.h in Headers */,
				B5B235231592CD660046F3B5 /* ScanCodeConverter.h in Headers */,
				B5B235251592CD660046F3B5 /* TablePickerController.h in Headers */,
				B5B235271592CD660046F3B5 /* TypePadController.h in Headers */,
			);
			runOnlyForDeploymentPostprocessing = 0;
		};
/* End PBXHeadersBuildPhase section */

/* Begin PBXNativeTarget section */
		B5C44724159285AF009F1A98 /* communications */ = {
			isa = PBXNativeTarget;
			buildConfigurationList = B5C44732159285AF009F1A98 /* Build configuration list for PBXNativeTarget "communications" */;
			buildPhases = (
				B5C44721159285AF009F1A98 /* Sources */,
				B5C44722159285AF009F1A98 /* Frameworks */,
				B5C44723159285AF009F1A98 /* Headers */,
			);
			buildRules = (
			);
			dependencies = (
			);
			name = communications;
			productName = communications;
			productReference = B5C44725159285AF009F1A98 /* libcommunications.a */;
			productType = "com.apple.product-type.library.static";
		};
/* End PBXNativeTarget section */

/* Begin PBXProject section */
		B5C4471C159285AF009F1A98 /* Project object */ = {
			isa = PBXProject;
			attributes = {
				LastUpgradeCheck = 0430;
				ORGANIZATIONNAME = Microsoft;
			};
			buildConfigurationList = B5C4471F159285AF009F1A98 /* Build configuration list for PBXProject "communications" */;
			compatibilityVersion = "Xcode 3.2";
			developmentRegion = English;
			hasScannedForEncodings = 0;
			knownRegions = (
				en,
			);
			mainGroup = B5C4471A159285AF009F1A98;
			productRefGroup = B5C44726159285AF009F1A98 /* Products */;
			projectDirPath = "";
			projectRoot = "";
			targets = (
				B5C44724159285AF009F1A98 /* communications */,
			);
		};
/* End PBXProject section */

/* Begin PBXSourcesBuildPhase section */
		B5C44721159285AF009F1A98 /* Sources */ = {
			isa = PBXSourcesBuildPhase;
			buildActionMask = 2147483647;
			files = (
				B5B2350E1592CD660046F3B5 /* AudioQueueObject.m in Sources */,
				B5B235101592CD660046F3B5 /* AudioSignalAnalyzer.m in Sources */,
				B5B235121592CD660046F3B5 /* AudioSignalGenerator.m in Sources */,
				B5B235141592CD660046F3B5 /* crc.c in Sources */,
				B5B235161592CD660046F3B5 /* etl_typedefs.c in Sources */,
				B5B235191592CD660046F3B5 /* ETLDeviceInterface.m in Sources */,
				B5B2351B1592CD660046F3B5 /* FSKRecognizer.mm in Sources */,
				B5B2351D1592CD660046F3B5 /* FSKSerialGenerator.m in Sources */,
				B5B235211592CD660046F3B5 /* MultiDelegate.m in Sources */,
				B5B235241592CD660046F3B5 /* ScanCodeConverter.m in Sources */,
				B5B235261592CD660046F3B5 /* TablePickerController.m in Sources */,
				B5B235281592CD660046F3B5 /* TypePadController.m in Sources */,
			);
			runOnlyForDeploymentPostprocessing = 0;
		};
/* End PBXSourcesBuildPhase section */

/* Begin XCBuildConfiguration section */
		B5C44730159285AF009F1A98 /* Debug */ = {
			isa = XCBuildConfiguration;
			buildSettings = {
				ALWAYS_SEARCH_USER_PATHS = NO;
				ARCHS = "$(ARCHS_STANDARD_32_BIT)";
				COPY_PHASE_STRIP = NO;
				GCC_C_LANGUAGE_STANDARD = gnu99;
				GCC_DYNAMIC_NO_PIC = NO;
				GCC_OPTIMIZATION_LEVEL = 0;
				GCC_PREPROCESSOR_DEFINITIONS = (
					"DEBUG=1",
					"$(inherited)",
				);
				GCC_SYMBOLS_PRIVATE_EXTERN = NO;
				GCC_VERSION = com.apple.compilers.llvm.clang.1_0;
				GCC_WARN_ABOUT_RETURN_TYPE = YES;
				GCC_WARN_UNINITIALIZED_AUTOS = YES;
				GCC_WARN_UNUSED_VARIABLE = YES;
				IPHONEOS_DEPLOYMENT_TARGET = 5.1;
				SDKROOT = iphoneos;
			};
			name = Debug;
		};
		B5C44731159285AF009F1A98 /* Release */ = {
			isa = XCBuildConfiguration;
			buildSettings = {
				ALWAYS_SEARCH_USER_PATHS = NO;
				ARCHS = "$(ARCHS_STANDARD_32_BIT)";
				COPY_PHASE_STRIP = YES;
				GCC_C_LANGUAGE_STANDARD = gnu99;
				GCC_VERSION = com.apple.compilers.llvm.clang.1_0;
				GCC_WARN_ABOUT_RETURN_TYPE = YES;
				GCC_WARN_UNINITIALIZED_AUTOS = YES;
				GCC_WARN_UNUSED_VARIABLE = YES;
				IPHONEOS_DEPLOYMENT_TARGET = 5.1;
				SDKROOT = iphoneos;
				VALIDATE_PRODUCT = YES;
			};
			name = Release;
		};
		B5C44733159285AF009F1A98 /* Debug */ = {
			isa = XCBuildConfiguration;
			buildSettings = {
				DSTROOT = /tmp/communications.dst;
				GCC_PRECOMPILE_PREFIX_HEADER = YES;
				GCC_PREFIX_HEADER = "communications/communications-Prefix.pch";
				MACH_O_TYPE = staticlib;
				OTHER_LDFLAGS = "-ObjC";
				PRODUCT_NAME = "$(TARGET_NAME)";
				SKIP_INSTALL = YES;
			};
			name = Debug;
		};
		B5C44734159285AF009F1A98 /* Release */ = {
			isa = XCBuildConfiguration;
			buildSettings = {
				DSTROOT = /tmp/communications.dst;
				GCC_PRECOMPILE_PREFIX_HEADER = YES;
				GCC_PREFIX_HEADER = "communications/communications-Prefix.pch";
				MACH_O_TYPE = staticlib;
				OTHER_LDFLAGS = "-ObjC";
				PRODUCT_NAME = "$(TARGET_NAME)";
				SKIP_INSTALL = YES;
			};
			name = Release;
		};
/* End XCBuildConfiguration section */

/* Begin XCConfigurationList section */
		B5C4471F159285AF009F1A98 /* Build configuration list for PBXProject "communications" */ = {
			isa = XCConfigurationList;
			buildConfigurations = (
				B5C44730159285AF009F1A98 /* Debug */,
				B5C44731159285AF009F1A98 /* Release */,
			);
			defaultConfigurationIsVisible = 0;
			defaultConfigurationName = Release;
		};
		B5C44732159285AF009F1A98 /* Build configuration list for PBXNativeTarget "communications" */ = {
			isa = XCConfigurationList;
			buildConfigurations = (
				B5C44733159285AF009F1A98 /* Debug */,
				B5C44734159285AF009F1A98 /* Release */,
			);
			defaultConfigurationIsVisible = 0;
			defaultConfigurationName = Release;
		};
/* End XCConfigurationList section */
	};
	rootObject = B5C4471C159285AF009F1A98 /* Project object */;
}
