// !$*UTF8*$!
{
	archiveVersion = 1;
	classes = {
	};
	objectVersion = 46;
	objects = {

/* Begin PBXBuildFile section */
		B50D23B8159B9C5F00F2FCCC /* ETLTimelapseSlidersController.m in Sources */ = {isa = PBXBuildFile; fileRef = B50D23B6159B9C5F00F2FCCC /* ETLTimelapseSlidersController.m */; };
		B50D23B9159B9C5F00F2FCCC /* TimelapseSliders.xib in Resources */ = {isa = PBXBuildFile; fileRef = B50D23B7159B9C5F00F2FCCC /* TimelapseSliders.xib */; };
		B5272D5315A27E4900F62549 /* settings.png in Resources */ = {isa = PBXBuildFile; fileRef = B5272D5115A27E4900F62549 /* settings.png */; };
		B5272D5415A27E4900F62549 /* settings@2x.png in Resources */ = {isa = PBXBuildFile; fileRef = B5272D5215A27E4900F62549 /* settings@2x.png */; };
		B5272D6515A27E7900F62549 /* progress_count.png in Resources */ = {isa = PBXBuildFile; fileRef = B5272D5515A27E7900F62549 /* progress_count.png */; };
		B5272D6615A27E7900F62549 /* progress_count@2x.png in Resources */ = {isa = PBXBuildFile; fileRef = B5272D5615A27E7900F62549 /* progress_count@2x.png */; };
		B5272D6715A27E7900F62549 /* progress_fill.png in Resources */ = {isa = PBXBuildFile; fileRef = B5272D5715A27E7900F62549 /* progress_fill.png */; };
		B5272D6815A27E7900F62549 /* progress_fill@2x.png in Resources */ = {isa = PBXBuildFile; fileRef = B5272D5815A27E7900F62549 /* progress_fill@2x.png */; };
		B5272D6915A27E7900F62549 /* progress_track.png in Resources */ = {isa = PBXBuildFile; fileRef = B5272D5915A27E7900F62549 /* progress_track.png */; };
		B5272D6A15A27E7900F62549 /* progress_track@2x.png in Resources */ = {isa = PBXBuildFile; fileRef = B5272D5A15A27E7900F62549 /* progress_track@2x.png */; };
		B5272D6B15A27E7900F62549 /* slider_fill.png in Resources */ = {isa = PBXBuildFile; fileRef = B5272D5B15A27E7900F62549 /* slider_fill.png */; };
		B5272D6C15A27E7900F62549 /* slider_fill@2x.png in Resources */ = {isa = PBXBuildFile; fileRef = B5272D5C15A27E7900F62549 /* slider_fill@2x.png */; };
		B5272D6D15A27E7900F62549 /* slider_handle.png in Resources */ = {isa = PBXBuildFile; fileRef = B5272D5D15A27E7900F62549 /* slider_handle.png */; };
		B5272D6E15A27E7900F62549 /* slider_handle@2x.png in Resources */ = {isa = PBXBuildFile; fileRef = B5272D5E15A27E7900F62549 /* slider_handle@2x.png */; };
		B5272D6F15A27E7900F62549 /* slider_track.png in Resources */ = {isa = PBXBuildFile; fileRef = B5272D5F15A27E7900F62549 /* slider_track.png */; };
		B5272D7015A27E7900F62549 /* slider_track@2x.png in Resources */ = {isa = PBXBuildFile; fileRef = B5272D6015A27E7900F62549 /* slider_track@2x.png */; };
		B5272D7115A27E7900F62549 /* switch_off.png in Resources */ = {isa = PBXBuildFile; fileRef = B5272D6115A27E7900F62549 /* switch_off.png */; };
		B5272D7215A27E7900F62549 /* switch_off@2x.png in Resources */ = {isa = PBXBuildFile; fileRef = B5272D6215A27E7900F62549 /* switch_off@2x.png */; };
		B5272D7315A27E7900F62549 /* switch_on.png in Resources */ = {isa = PBXBuildFile; fileRef = B5272D6315A27E7900F62549 /* switch_on.png */; };
		B5272D7415A27E7900F62549 /* switch_on@2x.png in Resources */ = {isa = PBXBuildFile; fileRef = B5272D6415A27E7900F62549 /* switch_on@2x.png */; };
		B5272D8C15A37CB700F62549 /* STSegmentedControl.m in Sources */ = {isa = PBXBuildFile; fileRef = B5272D8B15A37CB700F62549 /* STSegmentedControl.m */; };
		B5272D9115A37CCD00F62549 /* RCSwitch.m in Sources */ = {isa = PBXBuildFile; fileRef = B5272D8E15A37CCD00F62549 /* RCSwitch.m */; };
		B5272D9215A37CCD00F62549 /* RCSwitchOnOff.m in Sources */ = {isa = PBXBuildFile; fileRef = B5272D9015A37CCD00F62549 /* RCSwitchOnOff.m */; };
		B5272D9815A37CFB00F62549 /* ADVPercentProgressBar.m in Sources */ = {isa = PBXBuildFile; fileRef = B5272D9515A37CFB00F62549 /* ADVPercentProgressBar.m */; };
		B5272D9915A37CFB00F62549 /* ADVPopoverProgressBar.m in Sources */ = {isa = PBXBuildFile; fileRef = B5272D9715A37CFB00F62549 /* ADVPopoverProgressBar.m */; };
		B5272DA815A3800E00F62549 /* NSArray+ArrayUtility.m in Sources */ = {isa = PBXBuildFile; fileRef = B5272DA715A3800E00F62549 /* NSArray+ArrayUtility.m */; };
		B5272DAC15A3857E00F62549 /* ColorSwitcher.m in Sources */ = {isa = PBXBuildFile; fileRef = B5272DAB15A3857E00F62549 /* ColorSwitcher.m */; };
		B5272DAE15A3871800F62549 /* CoreImage.framework in Frameworks */ = {isa = PBXBuildFile; fileRef = B5272DAD15A3871800F62549 /* CoreImage.framework */; };
		B5272DD315A66BCE00F62549 /* back_home.png in Resources */ = {isa = PBXBuildFile; fileRef = B5272DCF15A66BCE00F62549 /* back_home.png */; };
		B5272DD415A66BCE00F62549 /* back_home@2x.png in Resources */ = {isa = PBXBuildFile; fileRef = B5272DD015A66BCE00F62549 /* back_home@2x.png */; };
		B5272DD515A66BCE00F62549 /* back.png in Resources */ = {isa = PBXBuildFile; fileRef = B5272DD115A66BCE00F62549 /* back.png */; };
		B5272DD615A66BCE00F62549 /* back@2x.png in Resources */ = {isa = PBXBuildFile; fileRef = B5272DD215A66BCE00F62549 /* back@2x.png */; };
		B53DADE7159E7725000BBC31 /* homebutton_bulb_pressed.png in Resources */ = {isa = PBXBuildFile; fileRef = B53DADD7159E7725000BBC31 /* homebutton_bulb_pressed.png */; };
		B53DADE8159E7725000BBC31 /* homebutton_bulb_pressed@2x.png in Resources */ = {isa = PBXBuildFile; fileRef = B53DADD8159E7725000BBC31 /* homebutton_bulb_pressed@2x.png */; };
		B53DADE9159E7725000BBC31 /* homebutton_bulb.png in Resources */ = {isa = PBXBuildFile; fileRef = B53DADD9159E7725000BBC31 /* homebutton_bulb.png */; };
		B53DADEA159E7725000BBC31 /* homebutton_bulb@2x.png in Resources */ = {isa = PBXBuildFile; fileRef = B53DADDA159E7725000BBC31 /* homebutton_bulb@2x.png */; };
		B53DADEB159E7725000BBC31 /* homebutton_hdr_pressed.png in Resources */ = {isa = PBXBuildFile; fileRef = B53DADDB159E7725000BBC31 /* homebutton_hdr_pressed.png */; };
		B53DADEC159E7725000BBC31 /* homebutton_hdr_pressed@2x.png in Resources */ = {isa = PBXBuildFile; fileRef = B53DADDC159E7725000BBC31 /* homebutton_hdr_pressed@2x.png */; };
		B53DADED159E7725000BBC31 /* homebutton_hdr.png in Resources */ = {isa = PBXBuildFile; fileRef = B53DADDD159E7725000BBC31 /* homebutton_hdr.png */; };
		B53DADEE159E7725000BBC31 /* homebutton_hdr@2x.png in Resources */ = {isa = PBXBuildFile; fileRef = B53DADDE159E7725000BBC31 /* homebutton_hdr@2x.png */; };
		B53DADEF159E7725000BBC31 /* homebutton_manual_pressed.png in Resources */ = {isa = PBXBuildFile; fileRef = B53DADDF159E7725000BBC31 /* homebutton_manual_pressed.png */; };
		B53DADF0159E7725000BBC31 /* homebutton_manual_pressed@2x.png in Resources */ = {isa = PBXBuildFile; fileRef = B53DADE0159E7725000BBC31 /* homebutton_manual_pressed@2x.png */; };
		B53DADF1159E7725000BBC31 /* homebutton_manual.png in Resources */ = {isa = PBXBuildFile; fileRef = B53DADE1159E7725000BBC31 /* homebutton_manual.png */; };
		B53DADF2159E7725000BBC31 /* homebutton_manual@2x.png in Resources */ = {isa = PBXBuildFile; fileRef = B53DADE2159E7725000BBC31 /* homebutton_manual@2x.png */; };
		B53DADF3159E7725000BBC31 /* homebutton_timelapse_pressed.png in Resources */ = {isa = PBXBuildFile; fileRef = B53DADE3159E7725000BBC31 /* homebutton_timelapse_pressed.png */; };
		B53DADF4159E7725000BBC31 /* homebutton_timelapse_pressed@2x.png in Resources */ = {isa = PBXBuildFile; fileRef = B53DADE4159E7725000BBC31 /* homebutton_timelapse_pressed@2x.png */; };
		B53DADF5159E7725000BBC31 /* homebutton_timelapse.png in Resources */ = {isa = PBXBuildFile; fileRef = B53DADE5159E7725000BBC31 /* homebutton_timelapse.png */; };
		B53DADF6159E7725000BBC31 /* homebutton_timelapse@2x.png in Resources */ = {isa = PBXBuildFile; fileRef = B53DADE6159E7725000BBC31 /* homebutton_timelapse@2x.png */; };
		B5420FD215AB635F001E3D15 /* Default.png in Resources */ = {isa = PBXBuildFile; fileRef = B5420FD115AB635F001E3D15 /* Default.png */; };
		B5420FD615AB63EF001E3D15 /* ETLDoneProgrammingController.m in Sources */ = {isa = PBXBuildFile; fileRef = B5420FD415AB63EF001E3D15 /* ETLDoneProgrammingController.m */; };
		B5420FD915AB6853001E3D15 /* Storyboard.storyboard in Resources */ = {isa = PBXBuildFile; fileRef = B5420FD815AB6853001E3D15 /* Storyboard.storyboard */; };
		B558F83D1592D0D300CB6E24 /* libcommunications.a in Frameworks */ = {isa = PBXBuildFile; fileRef = B558F83C1592D0D300CB6E24 /* libcommunications.a */; };
		B558F8501592D24000CB6E24 /* libstdc++.6.0.9.dylib in Frameworks */ = {isa = PBXBuildFile; fileRef = B558F84F1592D24000CB6E24 /* libstdc++.6.0.9.dylib */; };
		B558F8AD1592D7F800CB6E24 /* ETLShotViewController.m in Sources */ = {isa = PBXBuildFile; fileRef = B558F8AC1592D7F800CB6E24 /* ETLShotViewController.m */; };
		B5990754158FFC000005C8E2 /* UIKit.framework in Frameworks */ = {isa = PBXBuildFile; fileRef = B5990753158FFC000005C8E2 /* UIKit.framework */; };
		B5990756158FFC000005C8E2 /* Foundation.framework in Frameworks */ = {isa = PBXBuildFile; fileRef = B5990755158FFC000005C8E2 /* Foundation.framework */; };
		B5990758158FFC000005C8E2 /* CoreGraphics.framework in Frameworks */ = {isa = PBXBuildFile; fileRef = B5990757158FFC000005C8E2 /* CoreGraphics.framework */; };
		B599075E158FFC000005C8E2 /* InfoPlist.strings in Resources */ = {isa = PBXBuildFile; fileRef = B599075C158FFC000005C8E2 /* InfoPlist.strings */; };
		B5990760158FFC000005C8E2 /* main.m in Sources */ = {isa = PBXBuildFile; fileRef = B599075F158FFC000005C8E2 /* main.m */; };
		B5990764158FFC000005C8E2 /* ETLAppDelegate.m in Sources */ = {isa = PBXBuildFile; fileRef = B5990763158FFC000005C8E2 /* ETLAppDelegate.m */; };
		B5990781158FFC9F0005C8E2 /* ETLHomeController.m in Sources */ = {isa = PBXBuildFile; fileRef = B5990780158FFC9F0005C8E2 /* ETLHomeController.m */; };
		B5990789159004DC0005C8E2 /* ETLTimelapseController.m in Sources */ = {isa = PBXBuildFile; fileRef = B5990788159004DC0005C8E2 /* ETLTimelapseController.m */; };
		B599078C159007EE0005C8E2 /* ETLManualController.m in Sources */ = {isa = PBXBuildFile; fileRef = B599078B159007EE0005C8E2 /* ETLManualController.m */; };
		B599078F159008AF0005C8E2 /* ETLBulbController.m in Sources */ = {isa = PBXBuildFile; fileRef = B599078E159008AE0005C8E2 /* ETLBulbController.m */; };
		B5990792159009180005C8E2 /* ETLHdrController.m in Sources */ = {isa = PBXBuildFile; fileRef = B5990791159009180005C8E2 /* ETLHdrController.m */; };
		B599079615900F830005C8E2 /* ETLViewController.m in Sources */ = {isa = PBXBuildFile; fileRef = B599079515900F830005C8E2 /* ETLViewController.m */; };
		B5B9D2271592732E000444BB /* AudioToolbox.framework in Frameworks */ = {isa = PBXBuildFile; fileRef = B5B9D2261592732E000444BB /* AudioToolbox.framework */; };
		B5C0582F159E311200750DC9 /* background.png in Resources */ = {isa = PBXBuildFile; fileRef = B5C0582D159E311200750DC9 /* background.png */; };
		B5C05830159E311200750DC9 /* background@2x.png in Resources */ = {isa = PBXBuildFile; fileRef = B5C0582E159E311200750DC9 /* background@2x.png */; };
		B5C05833159E35C300750DC9 /* topbar_home.png in Resources */ = {isa = PBXBuildFile; fileRef = B5C05831159E35C300750DC9 /* topbar_home.png */; };
		B5C05834159E35C300750DC9 /* topbar_home@2x.png in Resources */ = {isa = PBXBuildFile; fileRef = B5C05832159E35C300750DC9 /* topbar_home@2x.png */; };
		B5C0583D159E376F00750DC9 /* topbar_bulb.png in Resources */ = {isa = PBXBuildFile; fileRef = B5C05835159E376F00750DC9 /* topbar_bulb.png */; };
		B5C0583E159E376F00750DC9 /* topbar_bulb@2x.png in Resources */ = {isa = PBXBuildFile; fileRef = B5C05836159E376F00750DC9 /* topbar_bulb@2x.png */; };
		B5C0583F159E376F00750DC9 /* topbar_hdr.png in Resources */ = {isa = PBXBuildFile; fileRef = B5C05837159E376F00750DC9 /* topbar_hdr.png */; };
		B5C05840159E376F00750DC9 /* topbar_hdr@2x.png in Resources */ = {isa = PBXBuildFile; fileRef = B5C05838159E376F00750DC9 /* topbar_hdr@2x.png */; };
		B5C05841159E376F00750DC9 /* topbar_manual.png in Resources */ = {isa = PBXBuildFile; fileRef = B5C05839159E376F00750DC9 /* topbar_manual.png */; };
		B5C05842159E376F00750DC9 /* topbar_manual@2x.png in Resources */ = {isa = PBXBuildFile; fileRef = B5C0583A159E376F00750DC9 /* topbar_manual@2x.png */; };
		B5C05843159E376F00750DC9 /* topbar_timelapse.png in Resources */ = {isa = PBXBuildFile; fileRef = B5C0583B159E376F00750DC9 /* topbar_timelapse.png */; };
		B5C05844159E376F00750DC9 /* topbar_timelapse@2x.png in Resources */ = {isa = PBXBuildFile; fileRef = B5C0583C159E376F00750DC9 /* topbar_timelapse@2x.png */; };
		B5C1CD51159CE5B0005D6FC0 /* gears.png in Resources */ = {isa = PBXBuildFile; fileRef = B5C1CD50159CE5B0005D6FC0 /* gears.png */; };
		B5C1CD55159CF086005D6FC0 /* ETLBulbSettingsController.m in Sources */ = {isa = PBXBuildFile; fileRef = B5C1CD53159CF086005D6FC0 /* ETLBulbSettingsController.m */; };
		B5C1CD56159CF086005D6FC0 /* BulbSettings.xib in Resources */ = {isa = PBXBuildFile; fileRef = B5C1CD54159CF086005D6FC0 /* BulbSettings.xib */; };
		B5ED08151590F77B0026432C /* UIView+FindAndResignFirstResponder.m in Sources */ = {isa = PBXBuildFile; fileRef = B5ED08141590F77B0026432C /* UIView+FindAndResignFirstResponder.m */; };
		B5ED082315915FC00026432C /* NumpadDismissBar.xib in Resources */ = {isa = PBXBuildFile; fileRef = B5ED082215915FC00026432C /* NumpadDismissBar.xib */; };
		B5ED520215924E5900B31083 /* ETLProgramViewController.m in Sources */ = {isa = PBXBuildFile; fileRef = B5ED520115924E5900B31083 /* ETLProgramViewController.m */; };
/* End PBXBuildFile section */

/* Begin PBXFileReference section */
		B50D23B5159B9C5F00F2FCCC /* ETLTimelapseSlidersController.h */ = {isa = PBXFileReference; fileEncoding = 4; lastKnownFileType = sourcecode.c.h; path = ETLTimelapseSlidersController.h; sourceTree = "<group>"; };
		B50D23B6159B9C5F00F2FCCC /* ETLTimelapseSlidersController.m */ = {isa = PBXFileReference; fileEncoding = 4; lastKnownFileType = sourcecode.c.objc; path = ETLTimelapseSlidersController.m; sourceTree = "<group>"; };
		B50D23B7159B9C5F00F2FCCC /* TimelapseSliders.xib */ = {isa = PBXFileReference; fileEncoding = 4; lastKnownFileType = file.xib; path = TimelapseSliders.xib; sourceTree = "<group>"; };
		B5272D5115A27E4900F62549 /* settings.png */ = {isa = PBXFileReference; lastKnownFileType = image.png; name = settings.png; path = ../../../assets/v1/settings.png; sourceTree = "<group>"; };
		B5272D5215A27E4900F62549 /* settings@2x.png */ = {isa = PBXFileReference; lastKnownFileType = image.png; name = "settings@2x.png"; path = "../../../assets/v1/settings@2x.png"; sourceTree = "<group>"; };
		B5272D5515A27E7900F62549 /* progress_count.png */ = {isa = PBXFileReference; lastKnownFileType = image.png; name = progress_count.png; path = ../../../assets/v1/progress_count.png; sourceTree = "<group>"; };
		B5272D5615A27E7900F62549 /* progress_count@2x.png */ = {isa = PBXFileReference; lastKnownFileType = image.png; name = "progress_count@2x.png"; path = "../../../assets/v1/progress_count@2x.png"; sourceTree = "<group>"; };
		B5272D5715A27E7900F62549 /* progress_fill.png */ = {isa = PBXFileReference; lastKnownFileType = image.png; name = progress_fill.png; path = ../../../assets/v1/progress_fill.png; sourceTree = "<group>"; };
		B5272D5815A27E7900F62549 /* progress_fill@2x.png */ = {isa = PBXFileReference; lastKnownFileType = image.png; name = "progress_fill@2x.png"; path = "../../../assets/v1/progress_fill@2x.png"; sourceTree = "<group>"; };
		B5272D5915A27E7900F62549 /* progress_track.png */ = {isa = PBXFileReference; lastKnownFileType = image.png; name = progress_track.png; path = ../../../assets/v1/progress_track.png; sourceTree = "<group>"; };
		B5272D5A15A27E7900F62549 /* progress_track@2x.png */ = {isa = PBXFileReference; lastKnownFileType = image.png; name = "progress_track@2x.png"; path = "../../../assets/v1/progress_track@2x.png"; sourceTree = "<group>"; };
		B5272D5B15A27E7900F62549 /* slider_fill.png */ = {isa = PBXFileReference; lastKnownFileType = image.png; name = slider_fill.png; path = ../../../assets/v1/slider_fill.png; sourceTree = "<group>"; };
		B5272D5C15A27E7900F62549 /* slider_fill@2x.png */ = {isa = PBXFileReference; lastKnownFileType = image.png; name = "slider_fill@2x.png"; path = "../../../assets/v1/slider_fill@2x.png"; sourceTree = "<group>"; };
		B5272D5D15A27E7900F62549 /* slider_handle.png */ = {isa = PBXFileReference; lastKnownFileType = image.png; name = slider_handle.png; path = ../../../assets/v1/slider_handle.png; sourceTree = "<group>"; };
		B5272D5E15A27E7900F62549 /* slider_handle@2x.png */ = {isa = PBXFileReference; lastKnownFileType = image.png; name = "slider_handle@2x.png"; path = "../../../assets/v1/slider_handle@2x.png"; sourceTree = "<group>"; };
		B5272D5F15A27E7900F62549 /* slider_track.png */ = {isa = PBXFileReference; lastKnownFileType = image.png; name = slider_track.png; path = ../../../assets/v1/slider_track.png; sourceTree = "<group>"; };
		B5272D6015A27E7900F62549 /* slider_track@2x.png */ = {isa = PBXFileReference; lastKnownFileType = image.png; name = "slider_track@2x.png"; path = "../../../assets/v1/slider_track@2x.png"; sourceTree = "<group>"; };
		B5272D6115A27E7900F62549 /* switch_off.png */ = {isa = PBXFileReference; lastKnownFileType = image.png; name = switch_off.png; path = ../../../assets/v1/switch_off.png; sourceTree = "<group>"; };
		B5272D6215A27E7900F62549 /* switch_off@2x.png */ = {isa = PBXFileReference; lastKnownFileType = image.png; name = "switch_off@2x.png"; path = "../../../assets/v1/switch_off@2x.png"; sourceTree = "<group>"; };
		B5272D6315A27E7900F62549 /* switch_on.png */ = {isa = PBXFileReference; lastKnownFileType = image.png; name = switch_on.png; path = ../../../assets/v1/switch_on.png; sourceTree = "<group>"; };
		B5272D6415A27E7900F62549 /* switch_on@2x.png */ = {isa = PBXFileReference; lastKnownFileType = image.png; name = "switch_on@2x.png"; path = "../../../assets/v1/switch_on@2x.png"; sourceTree = "<group>"; };
		B5272D8A15A37CB700F62549 /* STSegmentedControl.h */ = {isa = PBXFileReference; fileEncoding = 4; lastKnownFileType = sourcecode.c.h; path = STSegmentedControl.h; sourceTree = "<group>"; };
		B5272D8B15A37CB700F62549 /* STSegmentedControl.m */ = {isa = PBXFileReference; fileEncoding = 4; lastKnownFileType = sourcecode.c.objc; path = STSegmentedControl.m; sourceTree = "<group>"; };
		B5272D8D15A37CCD00F62549 /* RCSwitch.h */ = {isa = PBXFileReference; fileEncoding = 4; lastKnownFileType = sourcecode.c.h; path = RCSwitch.h; sourceTree = "<group>"; };
		B5272D8E15A37CCD00F62549 /* RCSwitch.m */ = {isa = PBXFileReference; fileEncoding = 4; lastKnownFileType = sourcecode.c.objc; path = RCSwitch.m; sourceTree = "<group>"; };
		B5272D8F15A37CCD00F62549 /* RCSwitchOnOff.h */ = {isa = PBXFileReference; fileEncoding = 4; lastKnownFileType = sourcecode.c.h; path = RCSwitchOnOff.h; sourceTree = "<group>"; };
		B5272D9015A37CCD00F62549 /* RCSwitchOnOff.m */ = {isa = PBXFileReference; fileEncoding = 4; lastKnownFileType = sourcecode.c.objc; path = RCSwitchOnOff.m; sourceTree = "<group>"; };
		B5272D9415A37CFB00F62549 /* ADVPercentProgressBar.h */ = {isa = PBXFileReference; fileEncoding = 4; lastKnownFileType = sourcecode.c.h; path = ADVPercentProgressBar.h; sourceTree = "<group>"; };
		B5272D9515A37CFB00F62549 /* ADVPercentProgressBar.m */ = {isa = PBXFileReference; fileEncoding = 4; lastKnownFileType = sourcecode.c.objc; path = ADVPercentProgressBar.m; sourceTree = "<group>"; };
		B5272D9615A37CFB00F62549 /* ADVPopoverProgressBar.h */ = {isa = PBXFileReference; fileEncoding = 4; lastKnownFileType = sourcecode.c.h; path = ADVPopoverProgressBar.h; sourceTree = "<group>"; };
		B5272D9715A37CFB00F62549 /* ADVPopoverProgressBar.m */ = {isa = PBXFileReference; fileEncoding = 4; lastKnownFileType = sourcecode.c.objc; path = ADVPopoverProgressBar.m; sourceTree = "<group>"; };
		B5272DA615A3800E00F62549 /* NSArray+ArrayUtility.h */ = {isa = PBXFileReference; fileEncoding = 4; lastKnownFileType = sourcecode.c.h; path = "NSArray+ArrayUtility.h"; sourceTree = "<group>"; };
		B5272DA715A3800E00F62549 /* NSArray+ArrayUtility.m */ = {isa = PBXFileReference; fileEncoding = 4; lastKnownFileType = sourcecode.c.objc; path = "NSArray+ArrayUtility.m"; sourceTree = "<group>"; };
		B5272DAA15A3857E00F62549 /* ColorSwitcher.h */ = {isa = PBXFileReference; fileEncoding = 4; lastKnownFileType = sourcecode.c.h; path = ColorSwitcher.h; sourceTree = "<group>"; };
		B5272DAB15A3857E00F62549 /* ColorSwitcher.m */ = {isa = PBXFileReference; fileEncoding = 4; lastKnownFileType = sourcecode.c.objc; path = ColorSwitcher.m; sourceTree = "<group>"; };
		B5272DAD15A3871800F62549 /* CoreImage.framework */ = {isa = PBXFileReference; lastKnownFileType = wrapper.framework; name = CoreImage.framework; path = System/Library/Frameworks/CoreImage.framework; sourceTree = SDKROOT; };
		B5272DC415A4DD3800F62549 /* Common.h */ = {isa = PBXFileReference; fileEncoding = 4; lastKnownFileType = sourcecode.c.h; name = Common.h; path = ../../../ETL_Firmware/ETL_V1/Common.h; sourceTree = "<group>"; };
		B5272DCF15A66BCE00F62549 /* back_home.png */ = {isa = PBXFileReference; lastKnownFileType = image.png; name = back_home.png; path = ../../../assets/v1/back_home.png; sourceTree = "<group>"; };
		B5272DD015A66BCE00F62549 /* back_home@2x.png */ = {isa = PBXFileReference; lastKnownFileType = image.png; name = "back_home@2x.png"; path = "../../../assets/v1/back_home@2x.png"; sourceTree = "<group>"; };
		B5272DD115A66BCE00F62549 /* back.png */ = {isa = PBXFileReference; lastKnownFileType = image.png; name = back.png; path = ../../../assets/v1/back.png; sourceTree = "<group>"; };
		B5272DD215A66BCE00F62549 /* back@2x.png */ = {isa = PBXFileReference; lastKnownFileType = image.png; name = "back@2x.png"; path = "../../../assets/v1/back@2x.png"; sourceTree = "<group>"; };
		B53DADD7159E7725000BBC31 /* homebutton_bulb_pressed.png */ = {isa = PBXFileReference; lastKnownFileType = image.png; name = homebutton_bulb_pressed.png; path = ../../../assets/v1/homebutton_bulb_pressed.png; sourceTree = "<group>"; };
		B53DADD8159E7725000BBC31 /* homebutton_bulb_pressed@2x.png */ = {isa = PBXFileReference; lastKnownFileType = image.png; name = "homebutton_bulb_pressed@2x.png"; path = "../../../assets/v1/homebutton_bulb_pressed@2x.png"; sourceTree = "<group>"; };
		B53DADD9159E7725000BBC31 /* homebutton_bulb.png */ = {isa = PBXFileReference; lastKnownFileType = image.png; name = homebutton_bulb.png; path = ../../../assets/v1/homebutton_bulb.png; sourceTree = "<group>"; };
		B53DADDA159E7725000BBC31 /* homebutton_bulb@2x.png */ = {isa = PBXFileReference; lastKnownFileType = image.png; name = "homebutton_bulb@2x.png"; path = "../../../assets/v1/homebutton_bulb@2x.png"; sourceTree = "<group>"; };
		B53DADDB159E7725000BBC31 /* homebutton_hdr_pressed.png */ = {isa = PBXFileReference; lastKnownFileType = image.png; name = homebutton_hdr_pressed.png; path = ../../../assets/v1/homebutton_hdr_pressed.png; sourceTree = "<group>"; };
		B53DADDC159E7725000BBC31 /* homebutton_hdr_pressed@2x.png */ = {isa = PBXFileReference; lastKnownFileType = image.png; name = "homebutton_hdr_pressed@2x.png"; path = "../../../assets/v1/homebutton_hdr_pressed@2x.png"; sourceTree = "<group>"; };
		B53DADDD159E7725000BBC31 /* homebutton_hdr.png */ = {isa = PBXFileReference; lastKnownFileType = image.png; name = homebutton_hdr.png; path = ../../../assets/v1/homebutton_hdr.png; sourceTree = "<group>"; };
		B53DADDE159E7725000BBC31 /* homebutton_hdr@2x.png */ = {isa = PBXFileReference; lastKnownFileType = image.png; name = "homebutton_hdr@2x.png"; path = "../../../assets/v1/homebutton_hdr@2x.png"; sourceTree = "<group>"; };
		B53DADDF159E7725000BBC31 /* homebutton_manual_pressed.png */ = {isa = PBXFileReference; lastKnownFileType = image.png; name = homebutton_manual_pressed.png; path = ../../../assets/v1/homebutton_manual_pressed.png; sourceTree = "<group>"; };
		B53DADE0159E7725000BBC31 /* homebutton_manual_pressed@2x.png */ = {isa = PBXFileReference; lastKnownFileType = image.png; name = "homebutton_manual_pressed@2x.png"; path = "../../../assets/v1/homebutton_manual_pressed@2x.png"; sourceTree = "<group>"; };
		B53DADE1159E7725000BBC31 /* homebutton_manual.png */ = {isa = PBXFileReference; lastKnownFileType = image.png; name = homebutton_manual.png; path = ../../../assets/v1/homebutton_manual.png; sourceTree = "<group>"; };
		B53DADE2159E7725000BBC31 /* homebutton_manual@2x.png */ = {isa = PBXFileReference; lastKnownFileType = image.png; name = "homebutton_manual@2x.png"; path = "../../../assets/v1/homebutton_manual@2x.png"; sourceTree = "<group>"; };
		B53DADE3159E7725000BBC31 /* homebutton_timelapse_pressed.png */ = {isa = PBXFileReference; lastKnownFileType = image.png; name = homebutton_timelapse_pressed.png; path = ../../../assets/v1/homebutton_timelapse_pressed.png; sourceTree = "<group>"; };
		B53DADE4159E7725000BBC31 /* homebutton_timelapse_pressed@2x.png */ = {isa = PBXFileReference; lastKnownFileType = image.png; name = "homebutton_timelapse_pressed@2x.png"; path = "../../../assets/v1/homebutton_timelapse_pressed@2x.png"; sourceTree = "<group>"; };
		B53DADE5159E7725000BBC31 /* homebutton_timelapse.png */ = {isa = PBXFileReference; lastKnownFileType = image.png; name = homebutton_timelapse.png; path = ../../../assets/v1/homebutton_timelapse.png; sourceTree = "<group>"; };
		B53DADE6159E7725000BBC31 /* homebutton_timelapse@2x.png */ = {isa = PBXFileReference; lastKnownFileType = image.png; name = "homebutton_timelapse@2x.png"; path = "../../../assets/v1/homebutton_timelapse@2x.png"; sourceTree = "<group>"; };
		B5420FD115AB635F001E3D15 /* Default.png */ = {isa = PBXFileReference; lastKnownFileType = image.png; name = Default.png; path = ../../../assets/v1/Default.png; sourceTree = "<group>"; };
		B5420FD315AB63EF001E3D15 /* ETLDoneProgrammingController.h */ = {isa = PBXFileReference; fileEncoding = 4; lastKnownFileType = sourcecode.c.h; path = ETLDoneProgrammingController.h; sourceTree = "<group>"; };
		B5420FD415AB63EF001E3D15 /* ETLDoneProgrammingController.m */ = {isa = PBXFileReference; fileEncoding = 4; lastKnownFileType = sourcecode.c.objc; path = ETLDoneProgrammingController.m; sourceTree = "<group>"; };
		B5420FD815AB6853001E3D15 /* Storyboard.storyboard */ = {isa = PBXFileReference; fileEncoding = 4; lastKnownFileType = file.storyboard; path = Storyboard.storyboard; sourceTree = "<group>"; };
		B558F83C1592D0D300CB6E24 /* libcommunications.a */ = {isa = PBXFileReference; lastKnownFileType = archive.ar; name = libcommunications.a; path = "../../../Library/Developer/Xcode/DerivedData/Easy_Time_Lapse-grxhihygozrtdfccqjonwjemkieb/Build/Products/Debug-iphoneos/libcommunications.a"; sourceTree = "<group>"; };
		B558F83F1592D16B00CB6E24 /* AudioQueueObject.h */ = {isa = PBXFileReference; fileEncoding = 4; lastKnownFileType = sourcecode.c.h; name = AudioQueueObject.h; path = ../../communications/communications/AudioQueueObject.h; sourceTree = "<group>"; };
		B558F8401592D16B00CB6E24 /* AudioSignalAnalyzer.h */ = {isa = PBXFileReference; fileEncoding = 4; lastKnownFileType = sourcecode.c.h; name = AudioSignalAnalyzer.h; path = ../../communications/communications/AudioSignalAnalyzer.h; sourceTree = "<group>"; };
		B558F8411592D16B00CB6E24 /* AudioSignalGenerator.h */ = {isa = PBXFileReference; fileEncoding = 4; lastKnownFileType = sourcecode.c.h; name = AudioSignalGenerator.h; path = ../../communications/communications/AudioSignalGenerator.h; sourceTree = "<group>"; };
		B558F8421592D16B00CB6E24 /* CharReceiver.h */ = {isa = PBXFileReference; fileEncoding = 4; lastKnownFileType = sourcecode.c.h; name = CharReceiver.h; path = ../../communications/communications/CharReceiver.h; sourceTree = "<group>"; };
		B558F8431592D16B00CB6E24 /* crc.h */ = {isa = PBXFileReference; fileEncoding = 4; lastKnownFileType = sourcecode.c.h; name = crc.h; path = ../../communications/communications/crc.h; sourceTree = "<group>"; };
		B558F8451592D16B00CB6E24 /* ETLDeviceInterface.h */ = {isa = PBXFileReference; fileEncoding = 4; lastKnownFileType = sourcecode.c.h; name = ETLDeviceInterface.h; path = ../../communications/communications/ETLDeviceInterface.h; sourceTree = "<group>"; };
		B558F8461592D16B00CB6E24 /* FSKRecognizer.h */ = {isa = PBXFileReference; fileEncoding = 4; lastKnownFileType = sourcecode.c.h; name = FSKRecognizer.h; path = ../../communications/communications/FSKRecognizer.h; sourceTree = "<group>"; };
		B558F8471592D16B00CB6E24 /* FSKSerialGenerator.h */ = {isa = PBXFileReference; fileEncoding = 4; lastKnownFileType = sourcecode.c.h; name = FSKSerialGenerator.h; path = ../../communications/communications/FSKSerialGenerator.h; sourceTree = "<group>"; };
		B558F8481592D16B00CB6E24 /* FSKTerminalAppDelegate.h */ = {isa = PBXFileReference; fileEncoding = 4; lastKnownFileType = sourcecode.c.h; name = FSKTerminalAppDelegate.h; path = ../../communications/communications/FSKTerminalAppDelegate.h; sourceTree = "<group>"; };
		B558F8491592D16B00CB6E24 /* lockfree.h */ = {isa = PBXFileReference; fileEncoding = 4; lastKnownFileType = sourcecode.c.h; name = lockfree.h; path = ../../communications/communications/lockfree.h; sourceTree = "<group>"; };
		B558F84A1592D16B00CB6E24 /* MultiDelegate.h */ = {isa = PBXFileReference; fileEncoding = 4; lastKnownFileType = sourcecode.c.h; name = MultiDelegate.h; path = ../../communications/communications/MultiDelegate.h; sourceTree = "<group>"; };
		B558F84B1592D16B00CB6E24 /* PatternRecognizer.h */ = {isa = PBXFileReference; fileEncoding = 4; lastKnownFileType = sourcecode.c.h; name = PatternRecognizer.h; path = ../../communications/communications/PatternRecognizer.h; sourceTree = "<group>"; };
		B558F84C1592D16B00CB6E24 /* ScanCodeConverter.h */ = {isa = PBXFileReference; fileEncoding = 4; lastKnownFileType = sourcecode.c.h; name = ScanCodeConverter.h; path = ../../communications/communications/ScanCodeConverter.h; sourceTree = "<group>"; };
		B558F84D1592D16B00CB6E24 /* TablePickerController.h */ = {isa = PBXFileReference; fileEncoding = 4; lastKnownFileType = sourcecode.c.h; name = TablePickerController.h; path = ../../communications/communications/TablePickerController.h; sourceTree = "<group>"; };
		B558F84E1592D16B00CB6E24 /* TypePadController.h */ = {isa = PBXFileReference; fileEncoding = 4; lastKnownFileType = sourcecode.c.h; name = TypePadController.h; path = ../../communications/communications/TypePadController.h; sourceTree = "<group>"; };
		B558F84F1592D24000CB6E24 /* libstdc++.6.0.9.dylib */ = {isa = PBXFileReference; lastKnownFileType = "compiled.mach-o.dylib"; name = "libstdc++.6.0.9.dylib"; path = "usr/lib/libstdc++.6.0.9.dylib"; sourceTree = SDKROOT; };
		B558F8AB1592D7F800CB6E24 /* ETLShotViewController.h */ = {isa = PBXFileReference; fileEncoding = 4; lastKnownFileType = sourcecode.c.h; path = ETLShotViewController.h; sourceTree = "<group>"; };
		B558F8AC1592D7F800CB6E24 /* ETLShotViewController.m */ = {isa = PBXFileReference; fileEncoding = 4; lastKnownFileType = sourcecode.c.objc; path = ETLShotViewController.m; sourceTree = "<group>"; };
		B599074F158FFC000005C8E2 /* ETL-interface-test.app */ = {isa = PBXFileReference; explicitFileType = wrapper.application; includeInIndex = 0; path = "ETL-interface-test.app"; sourceTree = BUILT_PRODUCTS_DIR; };
		B5990753158FFC000005C8E2 /* UIKit.framework */ = {isa = PBXFileReference; lastKnownFileType = wrapper.framework; name = UIKit.framework; path = System/Library/Frameworks/UIKit.framework; sourceTree = SDKROOT; };
		B5990755158FFC000005C8E2 /* Foundation.framework */ = {isa = PBXFileReference; lastKnownFileType = wrapper.framework; name = Foundation.framework; path = System/Library/Frameworks/Foundation.framework; sourceTree = SDKROOT; };
		B5990757158FFC000005C8E2 /* CoreGraphics.framework */ = {isa = PBXFileReference; lastKnownFileType = wrapper.framework; name = CoreGraphics.framework; path = System/Library/Frameworks/CoreGraphics.framework; sourceTree = SDKROOT; };
		B599075B158FFC000005C8E2 /* ETL-interface-test-Info.plist */ = {isa = PBXFileReference; lastKnownFileType = text.plist.xml; path = "ETL-interface-test-Info.plist"; sourceTree = "<group>"; };
		B599075D158FFC000005C8E2 /* en */ = {isa = PBXFileReference; lastKnownFileType = text.plist.strings; name = en; path = en.lproj/InfoPlist.strings; sourceTree = "<group>"; };
		B599075F158FFC000005C8E2 /* main.m */ = {isa = PBXFileReference; lastKnownFileType = sourcecode.c.objc; path = main.m; sourceTree = "<group>"; };
		B5990761158FFC000005C8E2 /* ETL-interface-test-Prefix.pch */ = {isa = PBXFileReference; lastKnownFileType = sourcecode.c.h; path = "ETL-interface-test-Prefix.pch"; sourceTree = "<group>"; };
		B5990762158FFC000005C8E2 /* ETLAppDelegate.h */ = {isa = PBXFileReference; lastKnownFileType = sourcecode.c.h; path = ETLAppDelegate.h; sourceTree = "<group>"; };
		B5990763158FFC000005C8E2 /* ETLAppDelegate.m */ = {isa = PBXFileReference; lastKnownFileType = sourcecode.c.objc; path = ETLAppDelegate.m; sourceTree = "<group>"; };
		B599077F158FFC9F0005C8E2 /* ETLHomeController.h */ = {isa = PBXFileReference; fileEncoding = 4; lastKnownFileType = sourcecode.c.h; path = ETLHomeController.h; sourceTree = "<group>"; };
		B5990780158FFC9F0005C8E2 /* ETLHomeController.m */ = {isa = PBXFileReference; fileEncoding = 4; lastKnownFileType = sourcecode.c.objc; path = ETLHomeController.m; sourceTree = "<group>"; };
		B5990787159004DC0005C8E2 /* ETLTimelapseController.h */ = {isa = PBXFileReference; fileEncoding = 4; lastKnownFileType = sourcecode.c.h; path = ETLTimelapseController.h; sourceTree = "<group>"; };
		B5990788159004DC0005C8E2 /* ETLTimelapseController.m */ = {isa = PBXFileReference; fileEncoding = 4; lastKnownFileType = sourcecode.c.objc; path = ETLTimelapseController.m; sourceTree = "<group>"; };
		B599078A159007EE0005C8E2 /* ETLManualController.h */ = {isa = PBXFileReference; fileEncoding = 4; lastKnownFileType = sourcecode.c.h; path = ETLManualController.h; sourceTree = "<group>"; };
		B599078B159007EE0005C8E2 /* ETLManualController.m */ = {isa = PBXFileReference; fileEncoding = 4; lastKnownFileType = sourcecode.c.objc; path = ETLManualController.m; sourceTree = "<group>"; };
		B599078D159008AE0005C8E2 /* ETLBulbController.h */ = {isa = PBXFileReference; fileEncoding = 4; lastKnownFileType = sourcecode.c.h; path = ETLBulbController.h; sourceTree = "<group>"; };
		B599078E159008AE0005C8E2 /* ETLBulbController.m */ = {isa = PBXFileReference; fileEncoding = 4; lastKnownFileType = sourcecode.c.objc; path = ETLBulbController.m; sourceTree = "<group>"; };
		B5990790159009180005C8E2 /* ETLHdrController.h */ = {isa = PBXFileReference; fileEncoding = 4; lastKnownFileType = sourcecode.c.h; path = ETLHdrController.h; sourceTree = "<group>"; };
		B5990791159009180005C8E2 /* ETLHdrController.m */ = {isa = PBXFileReference; fileEncoding = 4; lastKnownFileType = sourcecode.c.objc; path = ETLHdrController.m; sourceTree = "<group>"; };
		B599079315900EF10005C8E2 /* ETLViewControllers.h */ = {isa = PBXFileReference; fileEncoding = 4; lastKnownFileType = sourcecode.c.h; path = ETLViewControllers.h; sourceTree = "<group>"; };
		B599079415900F830005C8E2 /* ETLViewController.h */ = {isa = PBXFileReference; fileEncoding = 4; lastKnownFileType = sourcecode.c.h; path = ETLViewController.h; sourceTree = "<group>"; };
		B599079515900F830005C8E2 /* ETLViewController.m */ = {isa = PBXFileReference; fileEncoding = 4; lastKnownFileType = sourcecode.c.objc; path = ETLViewController.m; sourceTree = "<group>"; };
		B5B9D2261592732E000444BB /* AudioToolbox.framework */ = {isa = PBXFileReference; lastKnownFileType = wrapper.framework; name = AudioToolbox.framework; path = System/Library/Frameworks/AudioToolbox.framework; sourceTree = SDKROOT; };
		B5C0582D159E311200750DC9 /* background.png */ = {isa = PBXFileReference; lastKnownFileType = image.png; name = background.png; path = ../../../assets/v1/background.png; sourceTree = "<group>"; };
		B5C0582E159E311200750DC9 /* background@2x.png */ = {isa = PBXFileReference; lastKnownFileType = image.png; name = "background@2x.png"; path = "../../../assets/v1/background@2x.png"; sourceTree = "<group>"; };
		B5C05831159E35C300750DC9 /* topbar_home.png */ = {isa = PBXFileReference; lastKnownFileType = image.png; name = topbar_home.png; path = ../../../assets/v1/topbar_home.png; sourceTree = "<group>"; };
		B5C05832159E35C300750DC9 /* topbar_home@2x.png */ = {isa = PBXFileReference; lastKnownFileType = image.png; name = "topbar_home@2x.png"; path = "../../../assets/v1/topbar_home@2x.png"; sourceTree = "<group>"; };
		B5C05835159E376F00750DC9 /* topbar_bulb.png */ = {isa = PBXFileReference; lastKnownFileType = image.png; name = topbar_bulb.png; path = ../../../assets/v1/topbar_bulb.png; sourceTree = "<group>"; };
		B5C05836159E376F00750DC9 /* topbar_bulb@2x.png */ = {isa = PBXFileReference; lastKnownFileType = image.png; name = "topbar_bulb@2x.png"; path = "../../../assets/v1/topbar_bulb@2x.png"; sourceTree = "<group>"; };
		B5C05837159E376F00750DC9 /* topbar_hdr.png */ = {isa = PBXFileReference; lastKnownFileType = image.png; name = topbar_hdr.png; path = ../../../assets/v1/topbar_hdr.png; sourceTree = "<group>"; };
		B5C05838159E376F00750DC9 /* topbar_hdr@2x.png */ = {isa = PBXFileReference; lastKnownFileType = image.png; name = "topbar_hdr@2x.png"; path = "../../../assets/v1/topbar_hdr@2x.png"; sourceTree = "<group>"; };
		B5C05839159E376F00750DC9 /* topbar_manual.png */ = {isa = PBXFileReference; lastKnownFileType = image.png; name = topbar_manual.png; path = ../../../assets/v1/topbar_manual.png; sourceTree = "<group>"; };
		B5C0583A159E376F00750DC9 /* topbar_manual@2x.png */ = {isa = PBXFileReference; lastKnownFileType = image.png; name = "topbar_manual@2x.png"; path = "../../../assets/v1/topbar_manual@2x.png"; sourceTree = "<group>"; };
		B5C0583B159E376F00750DC9 /* topbar_timelapse.png */ = {isa = PBXFileReference; lastKnownFileType = image.png; name = topbar_timelapse.png; path = ../../../assets/v1/topbar_timelapse.png; sourceTree = "<group>"; };
		B5C0583C159E376F00750DC9 /* topbar_timelapse@2x.png */ = {isa = PBXFileReference; lastKnownFileType = image.png; name = "topbar_timelapse@2x.png"; path = "../../../assets/v1/topbar_timelapse@2x.png"; sourceTree = "<group>"; };
		B5C1CD50159CE5B0005D6FC0 /* gears.png */ = {isa = PBXFileReference; lastKnownFileType = image.png; path = gears.png; sourceTree = SOURCE_ROOT; };
		B5C1CD52159CF085005D6FC0 /* ETLBulbSettingsController.h */ = {isa = PBXFileReference; fileEncoding = 4; lastKnownFileType = sourcecode.c.h; path = ETLBulbSettingsController.h; sourceTree = "<group>"; };
		B5C1CD53159CF086005D6FC0 /* ETLBulbSettingsController.m */ = {isa = PBXFileReference; fileEncoding = 4; lastKnownFileType = sourcecode.c.objc; path = ETLBulbSettingsController.m; sourceTree = "<group>"; };
		B5C1CD54159CF086005D6FC0 /* BulbSettings.xib */ = {isa = PBXFileReference; fileEncoding = 4; lastKnownFileType = file.xib; path = BulbSettings.xib; sourceTree = "<group>"; };
		B5ED08131590F77B0026432C /* UIView+FindAndResignFirstResponder.h */ = {isa = PBXFileReference; fileEncoding = 4; lastKnownFileType = sourcecode.c.h; path = "UIView+FindAndResignFirstResponder.h"; sourceTree = "<group>"; };
		B5ED08141590F77B0026432C /* UIView+FindAndResignFirstResponder.m */ = {isa = PBXFileReference; fileEncoding = 4; lastKnownFileType = sourcecode.c.objc; path = "UIView+FindAndResignFirstResponder.m"; sourceTree = "<group>"; };
		B5ED082215915FC00026432C /* NumpadDismissBar.xib */ = {isa = PBXFileReference; fileEncoding = 4; lastKnownFileType = file.xib; path = NumpadDismissBar.xib; sourceTree = "<group>"; };
		B5ED520015924E5900B31083 /* ETLProgramViewController.h */ = {isa = PBXFileReference; fileEncoding = 4; lastKnownFileType = sourcecode.c.h; path = ETLProgramViewController.h; sourceTree = "<group>"; };
		B5ED520115924E5900B31083 /* ETLProgramViewController.m */ = {isa = PBXFileReference; fileEncoding = 4; lastKnownFileType = sourcecode.c.objc; path = ETLProgramViewController.m; sourceTree = "<group>"; };
/* End PBXFileReference section */

/* Begin PBXFrameworksBuildPhase section */
		B599074C158FFC000005C8E2 /* Frameworks */ = {
			isa = PBXFrameworksBuildPhase;
			buildActionMask = 2147483647;
			files = (
				B5272DAE15A3871800F62549 /* CoreImage.framework in Frameworks */,
				B558F8501592D24000CB6E24 /* libstdc++.6.0.9.dylib in Frameworks */,
				B558F83D1592D0D300CB6E24 /* libcommunications.a in Frameworks */,
				B5B9D2271592732E000444BB /* AudioToolbox.framework in Frameworks */,
				B5990754158FFC000005C8E2 /* UIKit.framework in Frameworks */,
				B5990756158FFC000005C8E2 /* Foundation.framework in Frameworks */,
				B5990758158FFC000005C8E2 /* CoreGraphics.framework in Frameworks */,
			);
			runOnlyForDeploymentPostprocessing = 0;
		};
/* End PBXFrameworksBuildPhase section */

/* Begin PBXGroup section */
		B5272D8115A37C4A00F62549 /* Libraries */ = {
			isa = PBXGroup;
			children = (
				B5272DA915A3855500F62549 /* ColorSwitcher */,
				B5272D9315A37CDE00F62549 /* STSegmentedControl */,
				B5272D8915A37C9C00F62549 /* PercentProgresBar */,
				B5272D8215A37C5C00F62549 /* RCSwitch */,
			);
			name = Libraries;
			sourceTree = "<group>";
		};
		B5272D8215A37C5C00F62549 /* RCSwitch */ = {
			isa = PBXGroup;
			children = (
				B5272D8D15A37CCD00F62549 /* RCSwitch.h */,
				B5272D8E15A37CCD00F62549 /* RCSwitch.m */,
				B5272D8F15A37CCD00F62549 /* RCSwitchOnOff.h */,
				B5272D9015A37CCD00F62549 /* RCSwitchOnOff.m */,
			);
			name = RCSwitch;
			sourceTree = "<group>";
		};
		B5272D8915A37C9C00F62549 /* PercentProgresBar */ = {
			isa = PBXGroup;
			children = (
				B5272D9415A37CFB00F62549 /* ADVPercentProgressBar.h */,
				B5272D9515A37CFB00F62549 /* ADVPercentProgressBar.m */,
				B5272D9615A37CFB00F62549 /* ADVPopoverProgressBar.h */,
				B5272D9715A37CFB00F62549 /* ADVPopoverProgressBar.m */,
			);
			name = PercentProgresBar;
			sourceTree = "<group>";
		};
		B5272D9315A37CDE00F62549 /* STSegmentedControl */ = {
			isa = PBXGroup;
			children = (
				B5272D8A15A37CB700F62549 /* STSegmentedControl.h */,
				B5272D8B15A37CB700F62549 /* STSegmentedControl.m */,
			);
			name = STSegmentedControl;
			sourceTree = "<group>";
		};
		B5272DA915A3855500F62549 /* ColorSwitcher */ = {
			isa = PBXGroup;
			children = (
				B5272DAA15A3857E00F62549 /* ColorSwitcher.h */,
				B5272DAB15A3857E00F62549 /* ColorSwitcher.m */,
			);
			name = ColorSwitcher;
			sourceTree = "<group>";
		};
		B53DADF7159E7729000BBC31 /* Home */ = {
			isa = PBXGroup;
			children = (
				B53DADD7159E7725000BBC31 /* homebutton_bulb_pressed.png */,
				B53DADD8159E7725000BBC31 /* homebutton_bulb_pressed@2x.png */,
				B53DADD9159E7725000BBC31 /* homebutton_bulb.png */,
				B53DADDA159E7725000BBC31 /* homebutton_bulb@2x.png */,
				B53DADDB159E7725000BBC31 /* homebutton_hdr_pressed.png */,
				B53DADDC159E7725000BBC31 /* homebutton_hdr_pressed@2x.png */,
				B53DADDD159E7725000BBC31 /* homebutton_hdr.png */,
				B53DADDE159E7725000BBC31 /* homebutton_hdr@2x.png */,
				B53DADDF159E7725000BBC31 /* homebutton_manual_pressed.png */,
				B53DADE0159E7725000BBC31 /* homebutton_manual_pressed@2x.png */,
				B53DADE1159E7725000BBC31 /* homebutton_manual.png */,
				B53DADE2159E7725000BBC31 /* homebutton_manual@2x.png */,
				B53DADE3159E7725000BBC31 /* homebutton_timelapse_pressed.png */,
				B53DADE4159E7725000BBC31 /* homebutton_timelapse_pressed@2x.png */,
				B53DADE5159E7725000BBC31 /* homebutton_timelapse.png */,
				B53DADE6159E7725000BBC31 /* homebutton_timelapse@2x.png */,
			);
			name = Home;
			sourceTree = "<group>";
		};
		B558F83E1592D11F00CB6E24 /* External Headers */ = {
			isa = PBXGroup;
			children = (
				B5272DC415A4DD3800F62549 /* Common.h */,
				B558F83F1592D16B00CB6E24 /* AudioQueueObject.h */,
				B558F8401592D16B00CB6E24 /* AudioSignalAnalyzer.h */,
				B558F8411592D16B00CB6E24 /* AudioSignalGenerator.h */,
				B558F8421592D16B00CB6E24 /* CharReceiver.h */,
				B558F8431592D16B00CB6E24 /* crc.h */,
				B558F8451592D16B00CB6E24 /* ETLDeviceInterface.h */,
				B558F8461592D16B00CB6E24 /* FSKRecognizer.h */,
				B558F8471592D16B00CB6E24 /* FSKSerialGenerator.h */,
				B558F8481592D16B00CB6E24 /* FSKTerminalAppDelegate.h */,
				B558F8491592D16B00CB6E24 /* lockfree.h */,
				B558F84A1592D16B00CB6E24 /* MultiDelegate.h */,
				B558F84B1592D16B00CB6E24 /* PatternRecognizer.h */,
				B558F84C1592D16B00CB6E24 /* ScanCodeConverter.h */,
				B558F84D1592D16B00CB6E24 /* TablePickerController.h */,
				B558F84E1592D16B00CB6E24 /* TypePadController.h */,
			);
			name = "External Headers";
			sourceTree = "<group>";
		};
		B57C06FE159E76AF00D02610 /* toolbars */ = {
			isa = PBXGroup;
			children = (
				B5C05835159E376F00750DC9 /* topbar_bulb.png */,
				B5C05836159E376F00750DC9 /* topbar_bulb@2x.png */,
				B5C05837159E376F00750DC9 /* topbar_hdr.png */,
				B5C05838159E376F00750DC9 /* topbar_hdr@2x.png */,
				B5C05839159E376F00750DC9 /* topbar_manual.png */,
				B5C0583A159E376F00750DC9 /* topbar_manual@2x.png */,
				B5C0583B159E376F00750DC9 /* topbar_timelapse.png */,
				B5C0583C159E376F00750DC9 /* topbar_timelapse@2x.png */,
				B5C05831159E35C300750DC9 /* topbar_home.png */,
				B5C05832159E35C300750DC9 /* topbar_home@2x.png */,
			);
			name = toolbars;
			sourceTree = "<group>";
		};
		B57C06FF159E76C000D02610 /* buttons */ = {
			isa = PBXGroup;
			children = (
				B5272DCF15A66BCE00F62549 /* back_home.png */,
				B5272DD015A66BCE00F62549 /* back_home@2x.png */,
				B5272DD115A66BCE00F62549 /* back.png */,
				B5272DD215A66BCE00F62549 /* back@2x.png */,
				B5272D5115A27E4900F62549 /* settings.png */,
				B5272D5215A27E4900F62549 /* settings@2x.png */,
				B53DADF7159E7729000BBC31 /* Home */,
			);
			name = buttons;
			sourceTree = "<group>";
		};
		B5990744158FFC000005C8E2 = {
			isa = PBXGroup;
			children = (
				B5420FD815AB6853001E3D15 /* Storyboard.storyboard */,
				B5272DAD15A3871800F62549 /* CoreImage.framework */,
				B5990759158FFC000005C8E2 /* ETL-interface-test */,
				B5990752158FFC000005C8E2 /* Frameworks */,
				B5990750158FFC000005C8E2 /* Products */,
				B558F83C1592D0D300CB6E24 /* libcommunications.a */,
				B558F84F1592D24000CB6E24 /* libstdc++.6.0.9.dylib */,
			);
			sourceTree = "<group>";
		};
		B5990750158FFC000005C8E2 /* Products */ = {
			isa = PBXGroup;
			children = (
				B599074F158FFC000005C8E2 /* ETL-interface-test.app */,
			);
			name = Products;
			sourceTree = "<group>";
		};
		B5990752158FFC000005C8E2 /* Frameworks */ = {
			isa = PBXGroup;
			children = (
				B5B9D2261592732E000444BB /* AudioToolbox.framework */,
				B5990753158FFC000005C8E2 /* UIKit.framework */,
				B5990755158FFC000005C8E2 /* Foundation.framework */,
				B5990757158FFC000005C8E2 /* CoreGraphics.framework */,
			);
			name = Frameworks;
			sourceTree = "<group>";
		};
		B5990759158FFC000005C8E2 /* ETL-interface-test */ = {
			isa = PBXGroup;
			children = (
				B5272D8115A37C4A00F62549 /* Libraries */,
				B5ED08121590F7440026432C /* Utility */,
				B5ED08101590F7140026432C /* Controllers */,
				B599077E158FFC650005C8E2 /* Resources */,
				B5990762158FFC000005C8E2 /* ETLAppDelegate.h */,
				B5990763158FFC000005C8E2 /* ETLAppDelegate.m */,
				B599075A158FFC000005C8E2 /* Supporting Files */,
			);
			path = "ETL-interface-test";
			sourceTree = "<group>";
		};
		B599075A158FFC000005C8E2 /* Supporting Files */ = {
			isa = PBXGroup;
			children = (
				B558F83E1592D11F00CB6E24 /* External Headers */,
				B599075B158FFC000005C8E2 /* ETL-interface-test-Info.plist */,
				B599075C158FFC000005C8E2 /* InfoPlist.strings */,
				B599075F158FFC000005C8E2 /* main.m */,
				B5990761158FFC000005C8E2 /* ETL-interface-test-Prefix.pch */,
			);
			name = "Supporting Files";
			sourceTree = "<group>";
		};
		B599077E158FFC650005C8E2 /* Resources */ = {
			isa = PBXGroup;
			children = (
				B5C1CD57159CF093005D6FC0 /* images */,
				B5C1CD54159CF086005D6FC0 /* BulbSettings.xib */,
				B50D23B7159B9C5F00F2FCCC /* TimelapseSliders.xib */,
				B5ED082215915FC00026432C /* NumpadDismissBar.xib */,
			);
			name = Resources;
			sourceTree = "<group>";
		};
		B5C1CD57159CF093005D6FC0 /* images */ = {
			isa = PBXGroup;
			children = (
				B5420FD115AB635F001E3D15 /* Default.png */,
				B5272D5515A27E7900F62549 /* progress_count.png */,
				B5272D5615A27E7900F62549 /* progress_count@2x.png */,
				B5272D5715A27E7900F62549 /* progress_fill.png */,
				B5272D5815A27E7900F62549 /* progress_fill@2x.png */,
				B5272D5915A27E7900F62549 /* progress_track.png */,
				B5272D5A15A27E7900F62549 /* progress_track@2x.png */,
				B5272D5B15A27E7900F62549 /* slider_fill.png */,
				B5272D5C15A27E7900F62549 /* slider_fill@2x.png */,
				B5272D5D15A27E7900F62549 /* slider_handle.png */,
				B5272D5E15A27E7900F62549 /* slider_handle@2x.png */,
				B5272D5F15A27E7900F62549 /* slider_track.png */,
				B5272D6015A27E7900F62549 /* slider_track@2x.png */,
				B5272D6115A27E7900F62549 /* switch_off.png */,
				B5272D6215A27E7900F62549 /* switch_off@2x.png */,
				B5272D6315A27E7900F62549 /* switch_on.png */,
				B5272D6415A27E7900F62549 /* switch_on@2x.png */,
				B57C06FF159E76C000D02610 /* buttons */,
				B57C06FE159E76AF00D02610 /* toolbars */,
				B5C0582D159E311200750DC9 /* background.png */,
				B5C0582E159E311200750DC9 /* background@2x.png */,
				B5C1CD50159CE5B0005D6FC0 /* gears.png */,
			);
			name = images;
			sourceTree = "<group>";
		};
		B5C1CD58159CF0CC005D6FC0 /* Core */ = {
			isa = PBXGroup;
			children = (
				B599079315900EF10005C8E2 /* ETLViewControllers.h */,
				B599079415900F830005C8E2 /* ETLViewController.h */,
				B599079515900F830005C8E2 /* ETLViewController.m */,
			);
			name = Core;
			sourceTree = "<group>";
		};
		B5C1CD59159CF0D7005D6FC0 /* Shots */ = {
			isa = PBXGroup;
			children = (
				B50D23B5159B9C5F00F2FCCC /* ETLTimelapseSlidersController.h */,
				B50D23B6159B9C5F00F2FCCC /* ETLTimelapseSlidersController.m */,
				B558F8AB1592D7F800CB6E24 /* ETLShotViewController.h */,
				B558F8AC1592D7F800CB6E24 /* ETLShotViewController.m */,
				B5990787159004DC0005C8E2 /* ETLTimelapseController.h */,
				B5990788159004DC0005C8E2 /* ETLTimelapseController.m */,
				B599078A159007EE0005C8E2 /* ETLManualController.h */,
				B599078B159007EE0005C8E2 /* ETLManualController.m */,
				B599078D159008AE0005C8E2 /* ETLBulbController.h */,
				B599078E159008AE0005C8E2 /* ETLBulbController.m */,
				B5990790159009180005C8E2 /* ETLHdrController.h */,
				B5990791159009180005C8E2 /* ETLHdrController.m */,
			);
			name = Shots;
			sourceTree = "<group>";
		};
		B5ED08101590F7140026432C /* Controllers */ = {
			isa = PBXGroup;
			children = (
				B5C1CD59159CF0D7005D6FC0 /* Shots */,
				B5C1CD58159CF0CC005D6FC0 /* Core */,
				B599077F158FFC9F0005C8E2 /* ETLHomeController.h */,
				B5990780158FFC9F0005C8E2 /* ETLHomeController.m */,
				B5ED520015924E5900B31083 /* ETLProgramViewController.h */,
				B5ED520115924E5900B31083 /* ETLProgramViewController.m */,
				B5420FD315AB63EF001E3D15 /* ETLDoneProgrammingController.h */,
				B5420FD415AB63EF001E3D15 /* ETLDoneProgrammingController.m */,
				B5C1CD52159CF085005D6FC0 /* ETLBulbSettingsController.h */,
				B5C1CD53159CF086005D6FC0 /* ETLBulbSettingsController.m */,
			);
			name = Controllers;
			sourceTree = "<group>";
		};
		B5ED08121590F7440026432C /* Utility */ = {
			isa = PBXGroup;
			children = (
				B5ED08131590F77B0026432C /* UIView+FindAndResignFirstResponder.h */,
				B5ED08141590F77B0026432C /* UIView+FindAndResignFirstResponder.m */,
				B5272DA615A3800E00F62549 /* NSArray+ArrayUtility.h */,
				B5272DA715A3800E00F62549 /* NSArray+ArrayUtility.m */,
			);
			name = Utility;
			sourceTree = "<group>";
		};
/* End PBXGroup section */

/* Begin PBXNativeTarget section */
		B599074E158FFC000005C8E2 /* ETL-interface-test */ = {
			isa = PBXNativeTarget;
			buildConfigurationList = B599076D158FFC000005C8E2 /* Build configuration list for PBXNativeTarget "ETL-interface-test" */;
			buildPhases = (
				B599074B158FFC000005C8E2 /* Sources */,
				B599074C158FFC000005C8E2 /* Frameworks */,
				B599074D158FFC000005C8E2 /* Resources */,
			);
			buildRules = (
			);
			dependencies = (
			);
			name = "ETL-interface-test";
			productName = "ETL-interface-test";
			productReference = B599074F158FFC000005C8E2 /* ETL-interface-test.app */;
			productType = "com.apple.product-type.application";
		};
/* End PBXNativeTarget section */

/* Begin PBXProject section */
		B5990746158FFC000005C8E2 /* Project object */ = {
			isa = PBXProject;
			attributes = {
				CLASSPREFIX = ETL;
				LastUpgradeCheck = 0430;
				ORGANIZATIONNAME = Microsoft;
			};
			buildConfigurationList = B5990749158FFC000005C8E2 /* Build configuration list for PBXProject "ETL-interface-test" */;
			compatibilityVersion = "Xcode 3.2";
			developmentRegion = English;
			hasScannedForEncodings = 0;
			knownRegions = (
				en,
			);
			mainGroup = B5990744158FFC000005C8E2;
			productRefGroup = B5990750158FFC000005C8E2 /* Products */;
			projectDirPath = "";
			projectRoot = "";
			targets = (
				B599074E158FFC000005C8E2 /* ETL-interface-test */,
			);
		};
/* End PBXProject section */

/* Begin PBXResourcesBuildPhase section */
		B599074D158FFC000005C8E2 /* Resources */ = {
			isa = PBXResourcesBuildPhase;
			buildActionMask = 2147483647;
			files = (
				B599075E158FFC000005C8E2 /* InfoPlist.strings in Resources */,
				B5ED082315915FC00026432C /* NumpadDismissBar.xib in Resources */,
				B50D23B9159B9C5F00F2FCCC /* TimelapseSliders.xib in Resources */,
				B5C1CD51159CE5B0005D6FC0 /* gears.png in Resources */,
				B5C1CD56159CF086005D6FC0 /* BulbSettings.xib in Resources */,
				B5C0582F159E311200750DC9 /* background.png in Resources */,
				B5C05830159E311200750DC9 /* background@2x.png in Resources */,
				B5C05833159E35C300750DC9 /* topbar_home.png in Resources */,
				B5C05834159E35C300750DC9 /* topbar_home@2x.png in Resources */,
				B5C0583D159E376F00750DC9 /* topbar_bulb.png in Resources */,
				B5C0583E159E376F00750DC9 /* topbar_bulb@2x.png in Resources */,
				B5C0583F159E376F00750DC9 /* topbar_hdr.png in Resources */,
				B5C05840159E376F00750DC9 /* topbar_hdr@2x.png in Resources */,
				B5C05841159E376F00750DC9 /* topbar_manual.png in Resources */,
				B5C05842159E376F00750DC9 /* topbar_manual@2x.png in Resources */,
				B5C05843159E376F00750DC9 /* topbar_timelapse.png in Resources */,
				B5C05844159E376F00750DC9 /* topbar_timelapse@2x.png in Resources */,
				B53DADE7159E7725000BBC31 /* homebutton_bulb_pressed.png in Resources */,
				B53DADE8159E7725000BBC31 /* homebutton_bulb_pressed@2x.png in Resources */,
				B53DADE9159E7725000BBC31 /* homebutton_bulb.png in Resources */,
				B53DADEA159E7725000BBC31 /* homebutton_bulb@2x.png in Resources */,
				B53DADEB159E7725000BBC31 /* homebutton_hdr_pressed.png in Resources */,
				B53DADEC159E7725000BBC31 /* homebutton_hdr_pressed@2x.png in Resources */,
				B53DADED159E7725000BBC31 /* homebutton_hdr.png in Resources */,
				B53DADEE159E7725000BBC31 /* homebutton_hdr@2x.png in Resources */,
				B53DADEF159E7725000BBC31 /* homebutton_manual_pressed.png in Resources */,
				B53DADF0159E7725000BBC31 /* homebutton_manual_pressed@2x.png in Resources */,
				B53DADF1159E7725000BBC31 /* homebutton_manual.png in Resources */,
				B53DADF2159E7725000BBC31 /* homebutton_manual@2x.png in Resources */,
				B53DADF3159E7725000BBC31 /* homebutton_timelapse_pressed.png in Resources */,
				B53DADF4159E7725000BBC31 /* homebutton_timelapse_pressed@2x.png in Resources */,
				B53DADF5159E7725000BBC31 /* homebutton_timelapse.png in Resources */,
				B53DADF6159E7725000BBC31 /* homebutton_timelapse@2x.png in Resources */,
				B5272D5315A27E4900F62549 /* settings.png in Resources */,
				B5272D5415A27E4900F62549 /* settings@2x.png in Resources */,
				B5272D6515A27E7900F62549 /* progress_count.png in Resources */,
				B5272D6615A27E7900F62549 /* progress_count@2x.png in Resources */,
				B5272D6715A27E7900F62549 /* progress_fill.png in Resources */,
				B5272D6815A27E7900F62549 /* progress_fill@2x.png in Resources */,
				B5272D6915A27E7900F62549 /* progress_track.png in Resources */,
				B5272D6A15A27E7900F62549 /* progress_track@2x.png in Resources */,
				B5272D6B15A27E7900F62549 /* slider_fill.png in Resources */,
				B5272D6C15A27E7900F62549 /* slider_fill@2x.png in Resources */,
				B5272D6D15A27E7900F62549 /* slider_handle.png in Resources */,
				B5272D6E15A27E7900F62549 /* slider_handle@2x.png in Resources */,
				B5272D6F15A27E7900F62549 /* slider_track.png in Resources */,
				B5272D7015A27E7900F62549 /* slider_track@2x.png in Resources */,
				B5272D7115A27E7900F62549 /* switch_off.png in Resources */,
				B5272D7215A27E7900F62549 /* switch_off@2x.png in Resources */,
				B5272D7315A27E7900F62549 /* switch_on.png in Resources */,
				B5272D7415A27E7900F62549 /* switch_on@2x.png in Resources */,
				B5272DD315A66BCE00F62549 /* back_home.png in Resources */,
				B5272DD415A66BCE00F62549 /* back_home@2x.png in Resources */,
				B5272DD515A66BCE00F62549 /* back.png in Resources */,
				B5272DD615A66BCE00F62549 /* back@2x.png in Resources */,
				B5420FD215AB635F001E3D15 /* Default.png in Resources */,
				B5420FD915AB6853001E3D15 /* Storyboard.storyboard in Resources */,
			);
			runOnlyForDeploymentPostprocessing = 0;
		};
/* End PBXResourcesBuildPhase section */

/* Begin PBXSourcesBuildPhase section */
		B599074B158FFC000005C8E2 /* Sources */ = {
			isa = PBXSourcesBuildPhase;
			buildActionMask = 2147483647;
			files = (
				B5990760158FFC000005C8E2 /* main.m in Sources */,
				B5990764158FFC000005C8E2 /* ETLAppDelegate.m in Sources */,
				B5990781158FFC9F0005C8E2 /* ETLHomeController.m in Sources */,
				B5990789159004DC0005C8E2 /* ETLTimelapseController.m in Sources */,
				B599078C159007EE0005C8E2 /* ETLManualController.m in Sources */,
				B599078F159008AF0005C8E2 /* ETLBulbController.m in Sources */,
				B5990792159009180005C8E2 /* ETLHdrController.m in Sources */,
				B599079615900F830005C8E2 /* ETLViewController.m in Sources */,
				B5ED08151590F77B0026432C /* UIView+FindAndResignFirstResponder.m in Sources */,
				B5ED520215924E5900B31083 /* ETLProgramViewController.m in Sources */,
				B558F8AD1592D7F800CB6E24 /* ETLShotViewController.m in Sources */,
				B50D23B8159B9C5F00F2FCCC /* ETLTimelapseSlidersController.m in Sources */,
				B5C1CD55159CF086005D6FC0 /* ETLBulbSettingsController.m in Sources */,
				B5272D8C15A37CB700F62549 /* STSegmentedControl.m in Sources */,
				B5272D9115A37CCD00F62549 /* RCSwitch.m in Sources */,
				B5272D9215A37CCD00F62549 /* RCSwitchOnOff.m in Sources */,
				B5272D9815A37CFB00F62549 /* ADVPercentProgressBar.m in Sources */,
				B5272D9915A37CFB00F62549 /* ADVPopoverProgressBar.m in Sources */,
				B5272DA815A3800E00F62549 /* NSArray+ArrayUtility.m in Sources */,
				B5272DAC15A3857E00F62549 /* ColorSwitcher.m in Sources */,
				B5420FD615AB63EF001E3D15 /* ETLDoneProgrammingController.m in Sources */,
			);
			runOnlyForDeploymentPostprocessing = 0;
		};
/* End PBXSourcesBuildPhase section */

/* Begin PBXVariantGroup section */
		B599075C158FFC000005C8E2 /* InfoPlist.strings */ = {
			isa = PBXVariantGroup;
			children = (
				B599075D158FFC000005C8E2 /* en */,
			);
			name = InfoPlist.strings;
			sourceTree = "<group>";
		};
/* End PBXVariantGroup section */

/* Begin XCBuildConfiguration section */
		B599076B158FFC000005C8E2 /* Debug */ = {
			isa = XCBuildConfiguration;
			buildSettings = {
				ALWAYS_SEARCH_USER_PATHS = NO;
				ARCHS = "$(ARCHS_STANDARD_32_BIT)";
				CLANG_ENABLE_OBJC_ARC = YES;
				"CODE_SIGN_IDENTITY[sdk=iphoneos*]" = "iPhone Developer";
				COPY_PHASE_STRIP = NO;
				GCC_C_LANGUAGE_STANDARD = gnu99;
				GCC_DYNAMIC_NO_PIC = NO;
				GCC_OPTIMIZATION_LEVEL = 0;
				GCC_PREPROCESSOR_DEFINITIONS = (
					"DEBUG=1",
					"$(inherited)",
				);
				GCC_SYMBOLS_PRIVATE_EXTERN = NO;
				GCC_VERSION = com.apple.compilers.llvm.clang.1_0;
				GCC_WARN_ABOUT_RETURN_TYPE = YES;
				GCC_WARN_UNINITIALIZED_AUTOS = YES;
				GCC_WARN_UNUSED_VARIABLE = YES;
				IPHONEOS_DEPLOYMENT_TARGET = 5.1;
				SDKROOT = iphoneos;
			};
			name = Debug;
		};
		B599076C158FFC000005C8E2 /* Release */ = {
			isa = XCBuildConfiguration;
			buildSettings = {
				ALWAYS_SEARCH_USER_PATHS = NO;
				ARCHS = "$(ARCHS_STANDARD_32_BIT)";
				CLANG_ENABLE_OBJC_ARC = YES;
				"CODE_SIGN_IDENTITY[sdk=iphoneos*]" = "iPhone Developer";
				COPY_PHASE_STRIP = YES;
				GCC_C_LANGUAGE_STANDARD = gnu99;
				GCC_VERSION = com.apple.compilers.llvm.clang.1_0;
				GCC_WARN_ABOUT_RETURN_TYPE = YES;
				GCC_WARN_UNINITIALIZED_AUTOS = YES;
				GCC_WARN_UNUSED_VARIABLE = YES;
				IPHONEOS_DEPLOYMENT_TARGET = 5.1;
				OTHER_CFLAGS = "-DNS_BLOCK_ASSERTIONS=1";
				SDKROOT = iphoneos;
				VALIDATE_PRODUCT = YES;
			};
			name = Release;
		};
		B599076E158FFC000005C8E2 /* Debug */ = {
			isa = XCBuildConfiguration;
			buildSettings = {
				GCC_PRECOMPILE_PREFIX_HEADER = YES;
				GCC_PREFIX_HEADER = "ETL-interface-test/ETL-interface-test-Prefix.pch";
				INFOPLIST_FILE = "ETL-interface-test/ETL-interface-test-Info.plist";
				LIBRARY_SEARCH_PATHS = (
					"$(inherited)",
					"\"$(SRCROOT)/../../../Library/Developer/Xcode/DerivedData/Easy_Time_Lapse-grxhihygozrtdfccqjonwjemkieb/Build/Products/Debug-iphoneos\"",
				);
				PRODUCT_NAME = "$(TARGET_NAME)";
				USER_HEADER_SEARCH_PATHS = /Users/home/ben/source/iOS/communications/communications;
				VALID_ARCHS = "armv6 armv7";
				WRAPPER_EXTENSION = app;
			};
			name = Debug;
		};
		B599076F158FFC000005C8E2 /* Release */ = {
			isa = XCBuildConfiguration;
			buildSettings = {
				GCC_PRECOMPILE_PREFIX_HEADER = YES;
				GCC_PREFIX_HEADER = "ETL-interface-test/ETL-interface-test-Prefix.pch";
				INFOPLIST_FILE = "ETL-interface-test/ETL-interface-test-Info.plist";
				LIBRARY_SEARCH_PATHS = (
					"$(inherited)",
					"\"$(SRCROOT)/../../../Library/Developer/Xcode/DerivedData/Easy_Time_Lapse-grxhihygozrtdfccqjonwjemkieb/Build/Products/Debug-iphoneos\"",
				);
				PRODUCT_NAME = "$(TARGET_NAME)";
				USER_HEADER_SEARCH_PATHS = /Users/home/ben/source/iOS/communications/communications;
				VALID_ARCHS = "armv6 armv7";
				WRAPPER_EXTENSION = app;
			};
			name = Release;
		};
/* End XCBuildConfiguration section */

/* Begin XCConfigurationList section */
		B5990749158FFC000005C8E2 /* Build configuration list for PBXProject "ETL-interface-test" */ = {
			isa = XCConfigurationList;
			buildConfigurations = (
				B599076B158FFC000005C8E2 /* Debug */,
				B599076C158FFC000005C8E2 /* Release */,
			);
			defaultConfigurationIsVisible = 0;
			defaultConfigurationName = Release;
		};
		B599076D158FFC000005C8E2 /* Build configuration list for PBXNativeTarget "ETL-interface-test" */ = {
			isa = XCConfigurationList;
			buildConfigurations = (
				B599076E158FFC000005C8E2 /* Debug */,
				B599076F158FFC000005C8E2 /* Release */,
			);
			defaultConfigurationIsVisible = 0;
			defaultConfigurationName = Release;
		};
/* End XCConfigurationList section */
	};
	rootObject = B5990746158FFC000005C8E2 /* Project object */;
}
